
Microsoft Visual Studio Solution File, Format Version 12.00
# Visual Studio Version 17
VisualStudioVersion = 17.0.31903.59
MinimumVisualStudioVersion = 10.0.40219.1
Project("{2150E333-8FDC-42A3-9474-1A3956D46DE8}") = "logging", "logging", "{32D25E9C-1FB9-433C-99EC-825F5EC3876E}"
EndProject
Project("{2150E333-8FDC-42A3-9474-1A3956D46DE8}") = "Function", "Function", "{2E60085D-63AB-49C9-AF35-F8770E15B867}"
EndProject
Project("{2150E333-8FDC-42A3-9474-1A3956D46DE8}") = "test", "test", "{1F37D82A-01E1-452F-A8AA-806B2585679A}"
EndProject
Project("{FAE04EC0-301F-11D3-BF4B-00C04F79EFBC}") = "Function.Tests", "logging\Function\test\Function.Tests\Function.Tests.csproj", "{96FF0074-C2C1-4A15-9422-489D1323726E}"
EndProject
Project("{2150E333-8FDC-42A3-9474-1A3956D46DE8}") = "metrics", "metrics", "{61D347E4-4B99-4FE0-A8C3-4F515D6227E0}"
EndProject
Project("{2150E333-8FDC-42A3-9474-1A3956D46DE8}") = "Function", "Function", "{5C834A29-AACB-47BB-A9D7-EAC0ADF73990}"
EndProject
Project("{2150E333-8FDC-42A3-9474-1A3956D46DE8}") = "test", "test", "{9A7D905D-55C3-47E4-8D93-75DD1FA273A9}"
EndProject
Project("{FAE04EC0-301F-11D3-BF4B-00C04F79EFBC}") = "Function.Tests", "metrics\Function\test\Function.Tests\Function.Tests.csproj", "{EFD53804-26E1-4620-A881-C414C5F83687}"
EndProject
Project("{2150E333-8FDC-42A3-9474-1A3956D46DE8}") = "tracing", "tracing", "{79388264-20AA-4262-B20A-9EE6EA51A8F6}"
EndProject
Project("{2150E333-8FDC-42A3-9474-1A3956D46DE8}") = "Function", "Function", "{443C3992-8A2B-4ED4-9A7B-AD03143ED042}"
EndProject
Project("{2150E333-8FDC-42A3-9474-1A3956D46DE8}") = "test", "test", "{9912849A-D088-4446-9768-B277DC0F8324}"
EndProject
Project("{FAE04EC0-301F-11D3-BF4B-00C04F79EFBC}") = "Function.Tests", "tracing\Function\test\Function.Tests\Function.Tests.csproj", "{5BB96E95-2C7D-4F38-AC40-6FA36CCABF21}"
EndProject
Project("{2150E333-8FDC-42A3-9474-1A3956D46DE8}") = "src", "src", "{F391FF58-AC17-415C-A755-3B97BDEC9B0A}"
EndProject
Project("{FAE04EC0-301F-11D3-BF4B-00C04F79EFBC}") = "Function", "logging\Function\src\Function\Function.csproj", "{3530E81E-B2A5-449C-8EF4-D50AAE2ED28B}"
EndProject
Project("{2150E333-8FDC-42A3-9474-1A3956D46DE8}") = "src", "src", "{72A90C8C-3CE9-446B-8F2A-A851E21908CA}"
EndProject
Project("{FAE04EC0-301F-11D3-BF4B-00C04F79EFBC}") = "Function", "metrics\Function\src\Function\Function.csproj", "{E97FA42F-85B6-4CC2-BFCF-6238F19CE7E0}"
EndProject
Project("{2150E333-8FDC-42A3-9474-1A3956D46DE8}") = "src", "src", "{E12B987B-DA8B-4233-82E8-21D95E785A45}"
EndProject
Project("{FAE04EC0-301F-11D3-BF4B-00C04F79EFBC}") = "Function", "tracing\Function\src\Function\Function.csproj", "{A49ACC6E-4A8C-4F11-8642-9FAECC23F073}"
EndProject
Project("{2150E333-8FDC-42A3-9474-1A3956D46DE8}") = "AOT-Function", "AOT-Function", "{4FA89CD0-4E0C-4BA6-A07B-B7979929EDEF}"
EndProject
Project("{2150E333-8FDC-42A3-9474-1A3956D46DE8}") = "src", "src", "{3600B172-4B0E-4ED5-B08B-02A9F49F2179}"
EndProject
Project("{FAE04EC0-301F-11D3-BF4B-00C04F79EFBC}") = "AOT-Function", "tracing\AOT-Function\src\AOT-Function\AOT-Function.csproj", "{E162EFC5-5479-47CA-A247-8AC1A27E8F7F}"
EndProject
Project("{2150E333-8FDC-42A3-9474-1A3956D46DE8}") = "AOT-Function", "AOT-Function", "{7663A26A-7454-4AEA-A669-E8C210730884}"
EndProject
Project("{2150E333-8FDC-42A3-9474-1A3956D46DE8}") = "src", "src", "{D1E1C626-B2DB-4169-B04E-3B917709E43B}"
EndProject
Project("{FAE04EC0-301F-11D3-BF4B-00C04F79EFBC}") = "AOT-Function", "logging\AOT-Function\src\AOT-Function\AOT-Function.csproj", "{89D7B51F-EF91-4D6C-8C27-EC21A59AE272}"
EndProject
Project("{2150E333-8FDC-42A3-9474-1A3956D46DE8}") = "AOT-Function", "AOT-Function", "{4B98665F-4981-4FBB-AB74-BE02A6390C34}"
EndProject
Project("{2150E333-8FDC-42A3-9474-1A3956D46DE8}") = "src", "src", "{F341EE79-CFA8-446E-8526-D1BEED01E250}"
EndProject
Project("{FAE04EC0-301F-11D3-BF4B-00C04F79EFBC}") = "AOT-Function", "metrics\AOT-Function\src\AOT-Function\AOT-Function.csproj", "{8B29627A-A025-4043-AB36-3E42A8FB6412}"
EndProject
Global
	GlobalSection(SolutionConfigurationPlatforms) = preSolution
		Debug|Any CPU = Debug|Any CPU
		Release|Any CPU = Release|Any CPU
	EndGlobalSection
	GlobalSection(SolutionProperties) = preSolution
		HideSolutionNode = FALSE
	EndGlobalSection
	GlobalSection(ProjectConfigurationPlatforms) = postSolution
		{96FF0074-C2C1-4A15-9422-489D1323726E}.Debug|Any CPU.ActiveCfg = Debug|Any CPU
		{96FF0074-C2C1-4A15-9422-489D1323726E}.Debug|Any CPU.Build.0 = Debug|Any CPU
		{96FF0074-C2C1-4A15-9422-489D1323726E}.Release|Any CPU.ActiveCfg = Release|Any CPU
		{96FF0074-C2C1-4A15-9422-489D1323726E}.Release|Any CPU.Build.0 = Release|Any CPU
		{EFD53804-26E1-4620-A881-C414C5F83687}.Debug|Any CPU.ActiveCfg = Debug|Any CPU
		{EFD53804-26E1-4620-A881-C414C5F83687}.Debug|Any CPU.Build.0 = Debug|Any CPU
		{EFD53804-26E1-4620-A881-C414C5F83687}.Release|Any CPU.ActiveCfg = Release|Any CPU
		{EFD53804-26E1-4620-A881-C414C5F83687}.Release|Any CPU.Build.0 = Release|Any CPU
		{5BB96E95-2C7D-4F38-AC40-6FA36CCABF21}.Debug|Any CPU.ActiveCfg = Debug|Any CPU
		{5BB96E95-2C7D-4F38-AC40-6FA36CCABF21}.Debug|Any CPU.Build.0 = Debug|Any CPU
		{5BB96E95-2C7D-4F38-AC40-6FA36CCABF21}.Release|Any CPU.ActiveCfg = Release|Any CPU
		{5BB96E95-2C7D-4F38-AC40-6FA36CCABF21}.Release|Any CPU.Build.0 = Release|Any CPU
		{3530E81E-B2A5-449C-8EF4-D50AAE2ED28B}.Debug|Any CPU.ActiveCfg = Debug|Any CPU
		{3530E81E-B2A5-449C-8EF4-D50AAE2ED28B}.Debug|Any CPU.Build.0 = Debug|Any CPU
		{3530E81E-B2A5-449C-8EF4-D50AAE2ED28B}.Release|Any CPU.ActiveCfg = Release|Any CPU
		{3530E81E-B2A5-449C-8EF4-D50AAE2ED28B}.Release|Any CPU.Build.0 = Release|Any CPU
		{E97FA42F-85B6-4CC2-BFCF-6238F19CE7E0}.Debug|Any CPU.ActiveCfg = Debug|Any CPU
		{E97FA42F-85B6-4CC2-BFCF-6238F19CE7E0}.Debug|Any CPU.Build.0 = Debug|Any CPU
		{E97FA42F-85B6-4CC2-BFCF-6238F19CE7E0}.Release|Any CPU.ActiveCfg = Release|Any CPU
		{E97FA42F-85B6-4CC2-BFCF-6238F19CE7E0}.Release|Any CPU.Build.0 = Release|Any CPU
		{A49ACC6E-4A8C-4F11-8642-9FAECC23F073}.Debug|Any CPU.ActiveCfg = Debug|Any CPU
		{A49ACC6E-4A8C-4F11-8642-9FAECC23F073}.Debug|Any CPU.Build.0 = Debug|Any CPU
		{A49ACC6E-4A8C-4F11-8642-9FAECC23F073}.Release|Any CPU.ActiveCfg = Release|Any CPU
		{A49ACC6E-4A8C-4F11-8642-9FAECC23F073}.Release|Any CPU.Build.0 = Release|Any CPU
		{E162EFC5-5479-47CA-A247-8AC1A27E8F7F}.Debug|Any CPU.ActiveCfg = Debug|Any CPU
		{E162EFC5-5479-47CA-A247-8AC1A27E8F7F}.Debug|Any CPU.Build.0 = Debug|Any CPU
		{E162EFC5-5479-47CA-A247-8AC1A27E8F7F}.Release|Any CPU.ActiveCfg = Release|Any CPU
		{E162EFC5-5479-47CA-A247-8AC1A27E8F7F}.Release|Any CPU.Build.0 = Release|Any CPU
		{89D7B51F-EF91-4D6C-8C27-EC21A59AE272}.Debug|Any CPU.ActiveCfg = Debug|Any CPU
		{89D7B51F-EF91-4D6C-8C27-EC21A59AE272}.Debug|Any CPU.Build.0 = Debug|Any CPU
		{89D7B51F-EF91-4D6C-8C27-EC21A59AE272}.Release|Any CPU.ActiveCfg = Release|Any CPU
		{89D7B51F-EF91-4D6C-8C27-EC21A59AE272}.Release|Any CPU.Build.0 = Release|Any CPU
		{8B29627A-A025-4043-AB36-3E42A8FB6412}.Debug|Any CPU.ActiveCfg = Debug|Any CPU
		{8B29627A-A025-4043-AB36-3E42A8FB6412}.Debug|Any CPU.Build.0 = Debug|Any CPU
		{8B29627A-A025-4043-AB36-3E42A8FB6412}.Release|Any CPU.ActiveCfg = Release|Any CPU
		{8B29627A-A025-4043-AB36-3E42A8FB6412}.Release|Any CPU.Build.0 = Release|Any CPU
	EndGlobalSection
	GlobalSection(NestedProjects) = preSolution
		{2E60085D-63AB-49C9-AF35-F8770E15B867} = {32D25E9C-1FB9-433C-99EC-825F5EC3876E}
		{1F37D82A-01E1-452F-A8AA-806B2585679A} = {2E60085D-63AB-49C9-AF35-F8770E15B867}
		{96FF0074-C2C1-4A15-9422-489D1323726E} = {1F37D82A-01E1-452F-A8AA-806B2585679A}
		{5C834A29-AACB-47BB-A9D7-EAC0ADF73990} = {61D347E4-4B99-4FE0-A8C3-4F515D6227E0}
		{9A7D905D-55C3-47E4-8D93-75DD1FA273A9} = {5C834A29-AACB-47BB-A9D7-EAC0ADF73990}
		{EFD53804-26E1-4620-A881-C414C5F83687} = {9A7D905D-55C3-47E4-8D93-75DD1FA273A9}
		{443C3992-8A2B-4ED4-9A7B-AD03143ED042} = {79388264-20AA-4262-B20A-9EE6EA51A8F6}
		{9912849A-D088-4446-9768-B277DC0F8324} = {443C3992-8A2B-4ED4-9A7B-AD03143ED042}
		{5BB96E95-2C7D-4F38-AC40-6FA36CCABF21} = {9912849A-D088-4446-9768-B277DC0F8324}
		{F391FF58-AC17-415C-A755-3B97BDEC9B0A} = {2E60085D-63AB-49C9-AF35-F8770E15B867}
		{3530E81E-B2A5-449C-8EF4-D50AAE2ED28B} = {F391FF58-AC17-415C-A755-3B97BDEC9B0A}
		{72A90C8C-3CE9-446B-8F2A-A851E21908CA} = {5C834A29-AACB-47BB-A9D7-EAC0ADF73990}
		{E97FA42F-85B6-4CC2-BFCF-6238F19CE7E0} = {72A90C8C-3CE9-446B-8F2A-A851E21908CA}
		{E12B987B-DA8B-4233-82E8-21D95E785A45} = {443C3992-8A2B-4ED4-9A7B-AD03143ED042}
		{A49ACC6E-4A8C-4F11-8642-9FAECC23F073} = {E12B987B-DA8B-4233-82E8-21D95E785A45}
		{4FA89CD0-4E0C-4BA6-A07B-B7979929EDEF} = {79388264-20AA-4262-B20A-9EE6EA51A8F6}
		{3600B172-4B0E-4ED5-B08B-02A9F49F2179} = {4FA89CD0-4E0C-4BA6-A07B-B7979929EDEF}
		{E162EFC5-5479-47CA-A247-8AC1A27E8F7F} = {3600B172-4B0E-4ED5-B08B-02A9F49F2179}
		{7663A26A-7454-4AEA-A669-E8C210730884} = {32D25E9C-1FB9-433C-99EC-825F5EC3876E}
		{D1E1C626-B2DB-4169-B04E-3B917709E43B} = {7663A26A-7454-4AEA-A669-E8C210730884}
		{89D7B51F-EF91-4D6C-8C27-EC21A59AE272} = {D1E1C626-B2DB-4169-B04E-3B917709E43B}
		{4B98665F-4981-4FBB-AB74-BE02A6390C34} = {61D347E4-4B99-4FE0-A8C3-4F515D6227E0}
		{F341EE79-CFA8-446E-8526-D1BEED01E250} = {4B98665F-4981-4FBB-AB74-BE02A6390C34}
		{8B29627A-A025-4043-AB36-3E42A8FB6412} = {F341EE79-CFA8-446E-8526-D1BEED01E250}
	EndGlobalSection
EndGlobal
