
Microsoft Visual Studio Solution File, Format Version 12.00
# Visual Studio Version 16
VisualStudioVersion = 16.6.30114.105
MinimumVisualStudioVersion = 10.0.40219.1
Project("{2150E333-8FDC-42A3-9474-1A3956D46DE8}") = "examples", "examples", "{9E22D53B-4F30-4B82-98A2-9242B071D733}"
EndProject
Project("{2150E333-8FDC-42A3-9474-1A3956D46DE8}") = "SimpleLambda", "SimpleLambda", "{58F2F304-9E21-4902-8AD7-66C2022F3524}"
EndProject
Project("{2150E333-8FDC-42A3-9474-1A3956D46DE8}") = "src", "src", "{A11C49EF-5661-41E7-8FE9-E46056509D4A}"
EndProject
Project("{FAE04EC0-301F-11D3-BF4B-00C04F79EFBC}") = "HelloWorld", "examples\SimpleLambda\src\HelloWorld\HelloWorld.csproj", "{EC578ECB-D212-4828-B9C0-DE7082311A18}"
EndProject
Project("{2150E333-8FDC-42A3-9474-1A3956D46DE8}") = "SimpleWeb", "Web", "{0739912E-E3B6-4513-9E56-128749A78626}"
EndProject
Project("{2150E333-8FDC-42A3-9474-1A3956D46DE8}") = "src", "src", "{5B3BBAF7-F8ED-4E2D-B161-0016942542B1}"
EndProject
Project("{FAE04EC0-301F-11D3-BF4B-00C04F79EFBC}") = "SimpleWeb", "examples\SimpleWeb\src\Web\SimpleWeb.csproj", "{10E1D31D-AFE9-49EC-9041-920DF96AD74D}"
EndProject
Project("{2150E333-8FDC-42A3-9474-1A3956D46DE8}") = "libraries", "libraries", "{4305613D-6359-43E5-85DB-6B839EE52264}"
EndProject
Project("{2150E333-8FDC-42A3-9474-1A3956D46DE8}") = "src", "src", "{73C9B1E5-3893-47E8-B373-17E5F5D7E6F5}"
EndProject
Project("{FAE04EC0-301F-11D3-BF4B-00C04F79EFBC}") = "AWS.Lambda.PowerTools", "libraries\src\AWS.Lambda.PowerTools\AWS.Lambda.PowerTools.csproj", "{ACED222F-BDEB-48B6-BA6E-A28659080766}"
EndProject
Project("{FAE04EC0-301F-11D3-BF4B-00C04F79EFBC}") = "AWS.Lambda.PowerTools.Logging", "libraries\src\AWS.Lambda.PowerTools.Logging\AWS.Lambda.PowerTools.Logging.csproj", "{7A6A2996-1F41-4C94-A0A2-3AE963247243}"
EndProject
Project("{FAE04EC0-301F-11D3-BF4B-00C04F79EFBC}") = "AWS.Lambda.PowerTools.Metrics", "libraries\src\AWS.Lambda.PowerTools.Metrics\AWS.Lambda.PowerTools.Metrics.csproj", "{3BA6251D-DE4E-4547-AAA9-25F4BA04C636}"
EndProject
Project("{FAE04EC0-301F-11D3-BF4B-00C04F79EFBC}") = "AWS.Lambda.PowerTools.Metrics.Web", "libraries\src\AWS.Lambda.PowerTools.Metrics.Web\AWS.Lambda.PowerTools.Metrics.Web.csproj", "{019F53DD-921C-4C2E-9421-5C386FA44B88}"
EndProject
Project("{FAE04EC0-301F-11D3-BF4B-00C04F79EFBC}") = "AWS.Lambda.PowerTools.Tracing", "libraries\src\AWS.Lambda.PowerTools.Tracing\AWS.Lambda.PowerTools.Tracing.csproj", "{1A3AC28C-3AEE-40FE-B229-9E38BB609547}"
EndProject
Project("{2150E333-8FDC-42A3-9474-1A3956D46DE8}") = "tests", "tests", "{1CFF5568-8486-475F-81F6-06105C437528}"
EndProject
Project("{FAE04EC0-301F-11D3-BF4B-00C04F79EFBC}") = "AWS.Lambda.PowerTools.Logging.Tests", "libraries\tests\AWS.Lambda.PowerTools.Logging.Tests\AWS.Lambda.PowerTools.Logging.Tests.csproj", "{B68A0D0A-4785-48CB-864F-29E3A8ACA526}"
EndProject
Project("{FAE04EC0-301F-11D3-BF4B-00C04F79EFBC}") = "AWS.Lambda.PowerTools.Metrics.Tests", "libraries\tests\AWS.Lambda.PowerTools.Metrics.Tests\AWS.Lambda.PowerTools.Metrics.Tests.csproj", "{A422C742-2CF9-409D-BDAE-15825AB62113}"
EndProject
Project("{FAE04EC0-301F-11D3-BF4B-00C04F79EFBC}") = "AWS.Lambda.PowerTools.Tracing.Tests", "libraries\tests\AWS.Lambda.PowerTools.Tracing.Tests\AWS.Lambda.PowerTools.Tracing.Tests.csproj", "{A040AED5-BBB8-4BFA-B2A5-BBD82817B8A5}"
EndProject
Project("{FAE04EC0-301F-11D3-BF4B-00C04F79EFBC}") = "AWS.Lambda.PowerTools.Generators", "libraries\src\AWS.Lambda.PowerTools.Generators\AWS.Lambda.PowerTools.Generators.csproj", "{4DE85B22-6F9F-4D4B-B176-38EB1168D2D1}"
EndProject
Project("{FAE04EC0-301F-11D3-BF4B-00C04F79EFBC}") = "ConsoleApp", "examples\ConsoleApp\ConsoleApp.csproj", "{1545BD93-C654-4A24-8B6E-F3D66A588615}"
EndProject
Global
	GlobalSection(SolutionConfigurationPlatforms) = preSolution
		Debug|Any CPU = Debug|Any CPU
		Debug|x64 = Debug|x64
		Debug|x86 = Debug|x86
		Release|Any CPU = Release|Any CPU
		Release|x64 = Release|x64
		Release|x86 = Release|x86
	EndGlobalSection
	GlobalSection(SolutionProperties) = preSolution
		HideSolutionNode = FALSE
	EndGlobalSection
	GlobalSection(ProjectConfigurationPlatforms) = postSolution
		{EC578ECB-D212-4828-B9C0-DE7082311A18}.Debug|Any CPU.ActiveCfg = Debug|Any CPU
		{EC578ECB-D212-4828-B9C0-DE7082311A18}.Debug|Any CPU.Build.0 = Debug|Any CPU
		{EC578ECB-D212-4828-B9C0-DE7082311A18}.Debug|x64.ActiveCfg = Debug|Any CPU
		{EC578ECB-D212-4828-B9C0-DE7082311A18}.Debug|x64.Build.0 = Debug|Any CPU
		{EC578ECB-D212-4828-B9C0-DE7082311A18}.Debug|x86.ActiveCfg = Debug|Any CPU
		{EC578ECB-D212-4828-B9C0-DE7082311A18}.Debug|x86.Build.0 = Debug|Any CPU
		{EC578ECB-D212-4828-B9C0-DE7082311A18}.Release|Any CPU.ActiveCfg = Release|Any CPU
		{EC578ECB-D212-4828-B9C0-DE7082311A18}.Release|Any CPU.Build.0 = Release|Any CPU
		{EC578ECB-D212-4828-B9C0-DE7082311A18}.Release|x64.ActiveCfg = Release|Any CPU
		{EC578ECB-D212-4828-B9C0-DE7082311A18}.Release|x64.Build.0 = Release|Any CPU
		{EC578ECB-D212-4828-B9C0-DE7082311A18}.Release|x86.ActiveCfg = Release|Any CPU
		{EC578ECB-D212-4828-B9C0-DE7082311A18}.Release|x86.Build.0 = Release|Any CPU
		{ACED222F-BDEB-48B6-BA6E-A28659080766}.Debug|Any CPU.ActiveCfg = Debug|Any CPU
		{ACED222F-BDEB-48B6-BA6E-A28659080766}.Debug|Any CPU.Build.0 = Debug|Any CPU
		{ACED222F-BDEB-48B6-BA6E-A28659080766}.Debug|x64.ActiveCfg = Debug|Any CPU
		{ACED222F-BDEB-48B6-BA6E-A28659080766}.Debug|x64.Build.0 = Debug|Any CPU
		{ACED222F-BDEB-48B6-BA6E-A28659080766}.Debug|x86.ActiveCfg = Debug|Any CPU
		{ACED222F-BDEB-48B6-BA6E-A28659080766}.Debug|x86.Build.0 = Debug|Any CPU
		{ACED222F-BDEB-48B6-BA6E-A28659080766}.Release|Any CPU.ActiveCfg = Release|Any CPU
		{ACED222F-BDEB-48B6-BA6E-A28659080766}.Release|Any CPU.Build.0 = Release|Any CPU
		{ACED222F-BDEB-48B6-BA6E-A28659080766}.Release|x64.ActiveCfg = Release|Any CPU
		{ACED222F-BDEB-48B6-BA6E-A28659080766}.Release|x64.Build.0 = Release|Any CPU
		{ACED222F-BDEB-48B6-BA6E-A28659080766}.Release|x86.ActiveCfg = Release|Any CPU
		{ACED222F-BDEB-48B6-BA6E-A28659080766}.Release|x86.Build.0 = Release|Any CPU
		{7A6A2996-1F41-4C94-A0A2-3AE963247243}.Debug|Any CPU.ActiveCfg = Debug|Any CPU
		{7A6A2996-1F41-4C94-A0A2-3AE963247243}.Debug|Any CPU.Build.0 = Debug|Any CPU
		{7A6A2996-1F41-4C94-A0A2-3AE963247243}.Debug|x64.ActiveCfg = Debug|Any CPU
		{7A6A2996-1F41-4C94-A0A2-3AE963247243}.Debug|x64.Build.0 = Debug|Any CPU
		{7A6A2996-1F41-4C94-A0A2-3AE963247243}.Debug|x86.ActiveCfg = Debug|Any CPU
		{7A6A2996-1F41-4C94-A0A2-3AE963247243}.Debug|x86.Build.0 = Debug|Any CPU
		{7A6A2996-1F41-4C94-A0A2-3AE963247243}.Release|Any CPU.ActiveCfg = Release|Any CPU
		{7A6A2996-1F41-4C94-A0A2-3AE963247243}.Release|Any CPU.Build.0 = Release|Any CPU
		{7A6A2996-1F41-4C94-A0A2-3AE963247243}.Release|x64.ActiveCfg = Release|Any CPU
		{7A6A2996-1F41-4C94-A0A2-3AE963247243}.Release|x64.Build.0 = Release|Any CPU
		{7A6A2996-1F41-4C94-A0A2-3AE963247243}.Release|x86.ActiveCfg = Release|Any CPU
		{7A6A2996-1F41-4C94-A0A2-3AE963247243}.Release|x86.Build.0 = Release|Any CPU
		{3BA6251D-DE4E-4547-AAA9-25F4BA04C636}.Debug|Any CPU.ActiveCfg = Debug|Any CPU
		{3BA6251D-DE4E-4547-AAA9-25F4BA04C636}.Debug|Any CPU.Build.0 = Debug|Any CPU
		{3BA6251D-DE4E-4547-AAA9-25F4BA04C636}.Debug|x64.ActiveCfg = Debug|Any CPU
		{3BA6251D-DE4E-4547-AAA9-25F4BA04C636}.Debug|x64.Build.0 = Debug|Any CPU
		{3BA6251D-DE4E-4547-AAA9-25F4BA04C636}.Debug|x86.ActiveCfg = Debug|Any CPU
		{3BA6251D-DE4E-4547-AAA9-25F4BA04C636}.Debug|x86.Build.0 = Debug|Any CPU
		{3BA6251D-DE4E-4547-AAA9-25F4BA04C636}.Release|Any CPU.ActiveCfg = Release|Any CPU
		{3BA6251D-DE4E-4547-AAA9-25F4BA04C636}.Release|Any CPU.Build.0 = Release|Any CPU
		{3BA6251D-DE4E-4547-AAA9-25F4BA04C636}.Release|x64.ActiveCfg = Release|Any CPU
		{3BA6251D-DE4E-4547-AAA9-25F4BA04C636}.Release|x64.Build.0 = Release|Any CPU
		{3BA6251D-DE4E-4547-AAA9-25F4BA04C636}.Release|x86.ActiveCfg = Release|Any CPU
		{3BA6251D-DE4E-4547-AAA9-25F4BA04C636}.Release|x86.Build.0 = Release|Any CPU
		{019F53DD-921C-4C2E-9421-5C386FA44B88}.Debug|Any CPU.ActiveCfg = Debug|Any CPU
		{019F53DD-921C-4C2E-9421-5C386FA44B88}.Debug|Any CPU.Build.0 = Debug|Any CPU
		{019F53DD-921C-4C2E-9421-5C386FA44B88}.Debug|x64.ActiveCfg = Debug|Any CPU
		{019F53DD-921C-4C2E-9421-5C386FA44B88}.Debug|x64.Build.0 = Debug|Any CPU
		{019F53DD-921C-4C2E-9421-5C386FA44B88}.Debug|x86.ActiveCfg = Debug|Any CPU
		{019F53DD-921C-4C2E-9421-5C386FA44B88}.Debug|x86.Build.0 = Debug|Any CPU
		{019F53DD-921C-4C2E-9421-5C386FA44B88}.Release|Any CPU.ActiveCfg = Release|Any CPU
		{019F53DD-921C-4C2E-9421-5C386FA44B88}.Release|Any CPU.Build.0 = Release|Any CPU
		{019F53DD-921C-4C2E-9421-5C386FA44B88}.Release|x64.ActiveCfg = Release|Any CPU
		{019F53DD-921C-4C2E-9421-5C386FA44B88}.Release|x64.Build.0 = Release|Any CPU
		{019F53DD-921C-4C2E-9421-5C386FA44B88}.Release|x86.ActiveCfg = Release|Any CPU
		{019F53DD-921C-4C2E-9421-5C386FA44B88}.Release|x86.Build.0 = Release|Any CPU
		{1A3AC28C-3AEE-40FE-B229-9E38BB609547}.Debug|Any CPU.ActiveCfg = Debug|Any CPU
		{1A3AC28C-3AEE-40FE-B229-9E38BB609547}.Debug|Any CPU.Build.0 = Debug|Any CPU
		{1A3AC28C-3AEE-40FE-B229-9E38BB609547}.Debug|x64.ActiveCfg = Debug|Any CPU
		{1A3AC28C-3AEE-40FE-B229-9E38BB609547}.Debug|x64.Build.0 = Debug|Any CPU
		{1A3AC28C-3AEE-40FE-B229-9E38BB609547}.Debug|x86.ActiveCfg = Debug|Any CPU
		{1A3AC28C-3AEE-40FE-B229-9E38BB609547}.Debug|x86.Build.0 = Debug|Any CPU
		{1A3AC28C-3AEE-40FE-B229-9E38BB609547}.Release|Any CPU.ActiveCfg = Release|Any CPU
		{1A3AC28C-3AEE-40FE-B229-9E38BB609547}.Release|Any CPU.Build.0 = Release|Any CPU
		{1A3AC28C-3AEE-40FE-B229-9E38BB609547}.Release|x64.ActiveCfg = Release|Any CPU
		{1A3AC28C-3AEE-40FE-B229-9E38BB609547}.Release|x64.Build.0 = Release|Any CPU
		{1A3AC28C-3AEE-40FE-B229-9E38BB609547}.Release|x86.ActiveCfg = Release|Any CPU
		{1A3AC28C-3AEE-40FE-B229-9E38BB609547}.Release|x86.Build.0 = Release|Any CPU
		{B68A0D0A-4785-48CB-864F-29E3A8ACA526}.Debug|Any CPU.ActiveCfg = Debug|Any CPU
		{B68A0D0A-4785-48CB-864F-29E3A8ACA526}.Debug|Any CPU.Build.0 = Debug|Any CPU
		{B68A0D0A-4785-48CB-864F-29E3A8ACA526}.Debug|x64.ActiveCfg = Debug|Any CPU
		{B68A0D0A-4785-48CB-864F-29E3A8ACA526}.Debug|x64.Build.0 = Debug|Any CPU
		{B68A0D0A-4785-48CB-864F-29E3A8ACA526}.Debug|x86.ActiveCfg = Debug|Any CPU
		{B68A0D0A-4785-48CB-864F-29E3A8ACA526}.Debug|x86.Build.0 = Debug|Any CPU
		{B68A0D0A-4785-48CB-864F-29E3A8ACA526}.Release|Any CPU.ActiveCfg = Release|Any CPU
		{B68A0D0A-4785-48CB-864F-29E3A8ACA526}.Release|Any CPU.Build.0 = Release|Any CPU
		{B68A0D0A-4785-48CB-864F-29E3A8ACA526}.Release|x64.ActiveCfg = Release|Any CPU
		{B68A0D0A-4785-48CB-864F-29E3A8ACA526}.Release|x64.Build.0 = Release|Any CPU
		{B68A0D0A-4785-48CB-864F-29E3A8ACA526}.Release|x86.ActiveCfg = Release|Any CPU
		{B68A0D0A-4785-48CB-864F-29E3A8ACA526}.Release|x86.Build.0 = Release|Any CPU
		{A422C742-2CF9-409D-BDAE-15825AB62113}.Debug|Any CPU.ActiveCfg = Debug|Any CPU
		{A422C742-2CF9-409D-BDAE-15825AB62113}.Debug|Any CPU.Build.0 = Debug|Any CPU
		{A422C742-2CF9-409D-BDAE-15825AB62113}.Debug|x64.ActiveCfg = Debug|Any CPU
		{A422C742-2CF9-409D-BDAE-15825AB62113}.Debug|x64.Build.0 = Debug|Any CPU
		{A422C742-2CF9-409D-BDAE-15825AB62113}.Debug|x86.ActiveCfg = Debug|Any CPU
		{A422C742-2CF9-409D-BDAE-15825AB62113}.Debug|x86.Build.0 = Debug|Any CPU
		{A422C742-2CF9-409D-BDAE-15825AB62113}.Release|Any CPU.ActiveCfg = Release|Any CPU
		{A422C742-2CF9-409D-BDAE-15825AB62113}.Release|Any CPU.Build.0 = Release|Any CPU
		{A422C742-2CF9-409D-BDAE-15825AB62113}.Release|x64.ActiveCfg = Release|Any CPU
		{A422C742-2CF9-409D-BDAE-15825AB62113}.Release|x64.Build.0 = Release|Any CPU
		{A422C742-2CF9-409D-BDAE-15825AB62113}.Release|x86.ActiveCfg = Release|Any CPU
		{A422C742-2CF9-409D-BDAE-15825AB62113}.Release|x86.Build.0 = Release|Any CPU
		{A040AED5-BBB8-4BFA-B2A5-BBD82817B8A5}.Debug|Any CPU.ActiveCfg = Debug|Any CPU
		{A040AED5-BBB8-4BFA-B2A5-BBD82817B8A5}.Debug|Any CPU.Build.0 = Debug|Any CPU
		{A040AED5-BBB8-4BFA-B2A5-BBD82817B8A5}.Debug|x64.ActiveCfg = Debug|Any CPU
		{A040AED5-BBB8-4BFA-B2A5-BBD82817B8A5}.Debug|x64.Build.0 = Debug|Any CPU
		{A040AED5-BBB8-4BFA-B2A5-BBD82817B8A5}.Debug|x86.ActiveCfg = Debug|Any CPU
		{A040AED5-BBB8-4BFA-B2A5-BBD82817B8A5}.Debug|x86.Build.0 = Debug|Any CPU
		{A040AED5-BBB8-4BFA-B2A5-BBD82817B8A5}.Release|Any CPU.ActiveCfg = Release|Any CPU
		{A040AED5-BBB8-4BFA-B2A5-BBD82817B8A5}.Release|Any CPU.Build.0 = Release|Any CPU
		{A040AED5-BBB8-4BFA-B2A5-BBD82817B8A5}.Release|x64.ActiveCfg = Release|Any CPU
		{A040AED5-BBB8-4BFA-B2A5-BBD82817B8A5}.Release|x64.Build.0 = Release|Any CPU
		{A040AED5-BBB8-4BFA-B2A5-BBD82817B8A5}.Release|x86.ActiveCfg = Release|Any CPU
		{A040AED5-BBB8-4BFA-B2A5-BBD82817B8A5}.Release|x86.Build.0 = Release|Any CPU
		{10E1D31D-AFE9-49EC-9041-920DF96AD74D}.Debug|Any CPU.ActiveCfg = Debug|Any CPU
		{10E1D31D-AFE9-49EC-9041-920DF96AD74D}.Debug|Any CPU.Build.0 = Debug|Any CPU
		{4DE85B22-6F9F-4D4B-B176-38EB1168D2D1}.Debug|Any CPU.ActiveCfg = Debug|Any CPU
		{4DE85B22-6F9F-4D4B-B176-38EB1168D2D1}.Debug|Any CPU.Build.0 = Debug|Any CPU
		{4DE85B22-6F9F-4D4B-B176-38EB1168D2D1}.Debug|x64.ActiveCfg = Debug|Any CPU
		{4DE85B22-6F9F-4D4B-B176-38EB1168D2D1}.Debug|x64.Build.0 = Debug|Any CPU
		{4DE85B22-6F9F-4D4B-B176-38EB1168D2D1}.Debug|x86.ActiveCfg = Debug|Any CPU
		{4DE85B22-6F9F-4D4B-B176-38EB1168D2D1}.Debug|x86.Build.0 = Debug|Any CPU
		{4DE85B22-6F9F-4D4B-B176-38EB1168D2D1}.Release|Any CPU.ActiveCfg = Release|Any CPU
		{4DE85B22-6F9F-4D4B-B176-38EB1168D2D1}.Release|Any CPU.Build.0 = Release|Any CPU
		{4DE85B22-6F9F-4D4B-B176-38EB1168D2D1}.Release|x64.ActiveCfg = Release|Any CPU
		{4DE85B22-6F9F-4D4B-B176-38EB1168D2D1}.Release|x64.Build.0 = Release|Any CPU
		{4DE85B22-6F9F-4D4B-B176-38EB1168D2D1}.Release|x86.ActiveCfg = Release|Any CPU
		{4DE85B22-6F9F-4D4B-B176-38EB1168D2D1}.Release|x86.Build.0 = Release|Any CPU
		{1545BD93-C654-4A24-8B6E-F3D66A588615}.Debug|Any CPU.ActiveCfg = Debug|Any CPU
		{1545BD93-C654-4A24-8B6E-F3D66A588615}.Debug|Any CPU.Build.0 = Debug|Any CPU
		{1545BD93-C654-4A24-8B6E-F3D66A588615}.Debug|x64.ActiveCfg = Debug|Any CPU
		{1545BD93-C654-4A24-8B6E-F3D66A588615}.Debug|x64.Build.0 = Debug|Any CPU
		{1545BD93-C654-4A24-8B6E-F3D66A588615}.Debug|x86.ActiveCfg = Debug|Any CPU
		{1545BD93-C654-4A24-8B6E-F3D66A588615}.Debug|x86.Build.0 = Debug|Any CPU
		{1545BD93-C654-4A24-8B6E-F3D66A588615}.Release|Any CPU.ActiveCfg = Release|Any CPU
		{1545BD93-C654-4A24-8B6E-F3D66A588615}.Release|Any CPU.Build.0 = Release|Any CPU
		{1545BD93-C654-4A24-8B6E-F3D66A588615}.Release|x64.ActiveCfg = Release|Any CPU
		{1545BD93-C654-4A24-8B6E-F3D66A588615}.Release|x64.Build.0 = Release|Any CPU
		{1545BD93-C654-4A24-8B6E-F3D66A588615}.Release|x86.ActiveCfg = Release|Any CPU
		{1545BD93-C654-4A24-8B6E-F3D66A588615}.Release|x86.Build.0 = Release|Any CPU
	EndGlobalSection
	GlobalSection(NestedProjects) = preSolution
		{58F2F304-9E21-4902-8AD7-66C2022F3524} = {9E22D53B-4F30-4B82-98A2-9242B071D733}
		{A11C49EF-5661-41E7-8FE9-E46056509D4A} = {58F2F304-9E21-4902-8AD7-66C2022F3524}
		{EC578ECB-D212-4828-B9C0-DE7082311A18} = {A11C49EF-5661-41E7-8FE9-E46056509D4A}
		{73C9B1E5-3893-47E8-B373-17E5F5D7E6F5} = {4305613D-6359-43E5-85DB-6B839EE52264}
		{ACED222F-BDEB-48B6-BA6E-A28659080766} = {73C9B1E5-3893-47E8-B373-17E5F5D7E6F5}
		{7A6A2996-1F41-4C94-A0A2-3AE963247243} = {73C9B1E5-3893-47E8-B373-17E5F5D7E6F5}
		{3BA6251D-DE4E-4547-AAA9-25F4BA04C636} = {73C9B1E5-3893-47E8-B373-17E5F5D7E6F5}
		{019F53DD-921C-4C2E-9421-5C386FA44B88} = {73C9B1E5-3893-47E8-B373-17E5F5D7E6F5}
		{1A3AC28C-3AEE-40FE-B229-9E38BB609547} = {73C9B1E5-3893-47E8-B373-17E5F5D7E6F5}
		{1CFF5568-8486-475F-81F6-06105C437528} = {4305613D-6359-43E5-85DB-6B839EE52264}
		{B68A0D0A-4785-48CB-864F-29E3A8ACA526} = {1CFF5568-8486-475F-81F6-06105C437528}
		{A422C742-2CF9-409D-BDAE-15825AB62113} = {1CFF5568-8486-475F-81F6-06105C437528}
		{A040AED5-BBB8-4BFA-B2A5-BBD82817B8A5} = {1CFF5568-8486-475F-81F6-06105C437528}
		{0739912E-E3B6-4513-9E56-128749A78626} = {9E22D53B-4F30-4B82-98A2-9242B071D733}
		{5B3BBAF7-F8ED-4E2D-B161-0016942542B1} = {0739912E-E3B6-4513-9E56-128749A78626}
		{10E1D31D-AFE9-49EC-9041-920DF96AD74D} = {5B3BBAF7-F8ED-4E2D-B161-0016942542B1}
		{4DE85B22-6F9F-4D4B-B176-38EB1168D2D1} = {73C9B1E5-3893-47E8-B373-17E5F5D7E6F5}
		{1545BD93-C654-4A24-8B6E-F3D66A588615} = {9E22D53B-4F30-4B82-98A2-9242B071D733}
	EndGlobalSection
EndGlobal
