
Microsoft Visual Studio Solution File, Format Version 12.00
# Visual Studio Version 17
VisualStudioVersion = 17.3.32929.385
MinimumVisualStudioVersion = 10.0.40219.1
Project("{2150E333-8FDC-42A3-9474-1A3956D46DE8}") = "src", "src", "{73C9B1E5-3893-47E8-B373-17E5F5D7E6F5}"
EndProject
Project("{9A19103F-16F7-4668-BE54-9A1E7A4F7556}") = "AWS.Lambda.Powertools.Common", "src\AWS.Lambda.Powertools.Common\AWS.Lambda.Powertools.Common.csproj", "{ACED222F-BDEB-48B6-BA6E-A28659080766}"
EndProject
Project("{9A19103F-16F7-4668-BE54-9A1E7A4F7556}") = "AWS.Lambda.Powertools.Logging", "src\AWS.Lambda.Powertools.Logging\AWS.Lambda.Powertools.Logging.csproj", "{7A6A2996-1F41-4C94-A0A2-3AE963247243}"
EndProject
Project("{9A19103F-16F7-4668-BE54-9A1E7A4F7556}") = "AWS.Lambda.Powertools.Metrics", "src\AWS.Lambda.Powertools.Metrics\AWS.Lambda.Powertools.Metrics.csproj", "{3BA6251D-DE4E-4547-AAA9-25F4BA04C636}"
EndProject
Project("{9A19103F-16F7-4668-BE54-9A1E7A4F7556}") = "AWS.Lambda.Powertools.Tracing", "src\AWS.Lambda.Powertools.Tracing\AWS.Lambda.Powertools.Tracing.csproj", "{1A3AC28C-3AEE-40FE-B229-9E38BB609547}"
EndProject
Project("{2150E333-8FDC-42A3-9474-1A3956D46DE8}") = "tests", "tests", "{1CFF5568-8486-475F-81F6-06105C437528}"
EndProject
Project("{9A19103F-16F7-4668-BE54-9A1E7A4F7556}") = "AWS.Lambda.Powertools.Logging.Tests", "tests\AWS.Lambda.Powertools.Logging.Tests\AWS.Lambda.Powertools.Logging.Tests.csproj", "{B68A0D0A-4785-48CB-864F-29E3A8ACA526}"
EndProject
Project("{9A19103F-16F7-4668-BE54-9A1E7A4F7556}") = "AWS.Lambda.Powertools.Metrics.Tests", "tests\AWS.Lambda.Powertools.Metrics.Tests\AWS.Lambda.Powertools.Metrics.Tests.csproj", "{A422C742-2CF9-409D-BDAE-15825AB62113}"
EndProject
Project("{9A19103F-16F7-4668-BE54-9A1E7A4F7556}") = "AWS.Lambda.Powertools.Tracing.Tests", "tests\AWS.Lambda.Powertools.Tracing.Tests\AWS.Lambda.Powertools.Tracing.Tests.csproj", "{A040AED5-BBB8-4BFA-B2A5-BBD82817B8A5}"
EndProject
Project("{9A19103F-16F7-4668-BE54-9A1E7A4F7556}") = "AWS.Lambda.Powertools.Common.Tests", "tests\AWS.Lambda.Powertools.Common.Tests\AWS.Lambda.Powertools.Common.Tests.csproj", "{4EC48E6A-45B5-4E25-ABBD-C23FE2BD6E1E}"
EndProject
Project("{9A19103F-16F7-4668-BE54-9A1E7A4F7556}") = "AWS.Lambda.Powertools.BatchProcessing", "src\AWS.Lambda.Powertools.BatchProcessing\AWS.Lambda.Powertools.BatchProcessing.csproj", "{F8B4100F-4014-4A1E-8130-D281453B79ED}"
EndProject
Project("{9A19103F-16F7-4668-BE54-9A1E7A4F7556}") = "AWS.Lambda.Powertools.BatchProcessing.Tests", "tests\AWS.Lambda.Powertools.BatchProcessing.Tests\AWS.Lambda.Powertools.BatchProcessing.Tests.csproj", "{12B940EF-A5D3-459D-BD36-A603834D1F7D}"
EndProject
Global
	GlobalSection(SolutionConfigurationPlatforms) = preSolution
		Debug|Any CPU = Debug|Any CPU
		Debug|x64 = Debug|x64
		Debug|x86 = Debug|x86
		Release|Any CPU = Release|Any CPU
		Release|x64 = Release|x64
		Release|x86 = Release|x86
	EndGlobalSection
	GlobalSection(ProjectConfigurationPlatforms) = postSolution
		{ACED222F-BDEB-48B6-BA6E-A28659080766}.Debug|Any CPU.ActiveCfg = Debug|Any CPU
		{ACED222F-BDEB-48B6-BA6E-A28659080766}.Debug|Any CPU.Build.0 = Debug|Any CPU
		{ACED222F-BDEB-48B6-BA6E-A28659080766}.Debug|x64.ActiveCfg = Debug|Any CPU
		{ACED222F-BDEB-48B6-BA6E-A28659080766}.Debug|x64.Build.0 = Debug|Any CPU
		{ACED222F-BDEB-48B6-BA6E-A28659080766}.Debug|x86.ActiveCfg = Debug|Any CPU
		{ACED222F-BDEB-48B6-BA6E-A28659080766}.Debug|x86.Build.0 = Debug|Any CPU
		{ACED222F-BDEB-48B6-BA6E-A28659080766}.Release|Any CPU.ActiveCfg = Release|Any CPU
		{ACED222F-BDEB-48B6-BA6E-A28659080766}.Release|Any CPU.Build.0 = Release|Any CPU
		{ACED222F-BDEB-48B6-BA6E-A28659080766}.Release|x64.ActiveCfg = Release|Any CPU
		{ACED222F-BDEB-48B6-BA6E-A28659080766}.Release|x64.Build.0 = Release|Any CPU
		{ACED222F-BDEB-48B6-BA6E-A28659080766}.Release|x86.ActiveCfg = Release|Any CPU
		{ACED222F-BDEB-48B6-BA6E-A28659080766}.Release|x86.Build.0 = Release|Any CPU
		{7A6A2996-1F41-4C94-A0A2-3AE963247243}.Debug|Any CPU.ActiveCfg = Debug|Any CPU
		{7A6A2996-1F41-4C94-A0A2-3AE963247243}.Debug|Any CPU.Build.0 = Debug|Any CPU
		{7A6A2996-1F41-4C94-A0A2-3AE963247243}.Debug|x64.ActiveCfg = Debug|Any CPU
		{7A6A2996-1F41-4C94-A0A2-3AE963247243}.Debug|x64.Build.0 = Debug|Any CPU
		{7A6A2996-1F41-4C94-A0A2-3AE963247243}.Debug|x86.ActiveCfg = Debug|Any CPU
		{7A6A2996-1F41-4C94-A0A2-3AE963247243}.Debug|x86.Build.0 = Debug|Any CPU
		{7A6A2996-1F41-4C94-A0A2-3AE963247243}.Release|Any CPU.ActiveCfg = Release|Any CPU
		{7A6A2996-1F41-4C94-A0A2-3AE963247243}.Release|Any CPU.Build.0 = Release|Any CPU
		{7A6A2996-1F41-4C94-A0A2-3AE963247243}.Release|x64.ActiveCfg = Release|Any CPU
		{7A6A2996-1F41-4C94-A0A2-3AE963247243}.Release|x64.Build.0 = Release|Any CPU
		{7A6A2996-1F41-4C94-A0A2-3AE963247243}.Release|x86.ActiveCfg = Release|Any CPU
		{7A6A2996-1F41-4C94-A0A2-3AE963247243}.Release|x86.Build.0 = Release|Any CPU
		{3BA6251D-DE4E-4547-AAA9-25F4BA04C636}.Debug|Any CPU.ActiveCfg = Debug|Any CPU
		{3BA6251D-DE4E-4547-AAA9-25F4BA04C636}.Debug|Any CPU.Build.0 = Debug|Any CPU
		{3BA6251D-DE4E-4547-AAA9-25F4BA04C636}.Debug|x64.ActiveCfg = Debug|Any CPU
		{3BA6251D-DE4E-4547-AAA9-25F4BA04C636}.Debug|x64.Build.0 = Debug|Any CPU
		{3BA6251D-DE4E-4547-AAA9-25F4BA04C636}.Debug|x86.ActiveCfg = Debug|Any CPU
		{3BA6251D-DE4E-4547-AAA9-25F4BA04C636}.Debug|x86.Build.0 = Debug|Any CPU
		{3BA6251D-DE4E-4547-AAA9-25F4BA04C636}.Release|Any CPU.ActiveCfg = Release|Any CPU
		{3BA6251D-DE4E-4547-AAA9-25F4BA04C636}.Release|Any CPU.Build.0 = Release|Any CPU
		{3BA6251D-DE4E-4547-AAA9-25F4BA04C636}.Release|x64.ActiveCfg = Release|Any CPU
		{3BA6251D-DE4E-4547-AAA9-25F4BA04C636}.Release|x64.Build.0 = Release|Any CPU
		{3BA6251D-DE4E-4547-AAA9-25F4BA04C636}.Release|x86.ActiveCfg = Release|Any CPU
		{3BA6251D-DE4E-4547-AAA9-25F4BA04C636}.Release|x86.Build.0 = Release|Any CPU
		{1A3AC28C-3AEE-40FE-B229-9E38BB609547}.Debug|Any CPU.ActiveCfg = Debug|Any CPU
		{1A3AC28C-3AEE-40FE-B229-9E38BB609547}.Debug|Any CPU.Build.0 = Debug|Any CPU
		{1A3AC28C-3AEE-40FE-B229-9E38BB609547}.Debug|x64.ActiveCfg = Debug|Any CPU
		{1A3AC28C-3AEE-40FE-B229-9E38BB609547}.Debug|x64.Build.0 = Debug|Any CPU
		{1A3AC28C-3AEE-40FE-B229-9E38BB609547}.Debug|x86.ActiveCfg = Debug|Any CPU
		{1A3AC28C-3AEE-40FE-B229-9E38BB609547}.Debug|x86.Build.0 = Debug|Any CPU
		{1A3AC28C-3AEE-40FE-B229-9E38BB609547}.Release|Any CPU.ActiveCfg = Release|Any CPU
		{1A3AC28C-3AEE-40FE-B229-9E38BB609547}.Release|Any CPU.Build.0 = Release|Any CPU
		{1A3AC28C-3AEE-40FE-B229-9E38BB609547}.Release|x64.ActiveCfg = Release|Any CPU
		{1A3AC28C-3AEE-40FE-B229-9E38BB609547}.Release|x64.Build.0 = Release|Any CPU
		{1A3AC28C-3AEE-40FE-B229-9E38BB609547}.Release|x86.ActiveCfg = Release|Any CPU
		{1A3AC28C-3AEE-40FE-B229-9E38BB609547}.Release|x86.Build.0 = Release|Any CPU
		{B68A0D0A-4785-48CB-864F-29E3A8ACA526}.Debug|Any CPU.ActiveCfg = Debug|Any CPU
		{B68A0D0A-4785-48CB-864F-29E3A8ACA526}.Debug|Any CPU.Build.0 = Debug|Any CPU
		{B68A0D0A-4785-48CB-864F-29E3A8ACA526}.Debug|x64.ActiveCfg = Debug|Any CPU
		{B68A0D0A-4785-48CB-864F-29E3A8ACA526}.Debug|x64.Build.0 = Debug|Any CPU
		{B68A0D0A-4785-48CB-864F-29E3A8ACA526}.Debug|x86.ActiveCfg = Debug|Any CPU
		{B68A0D0A-4785-48CB-864F-29E3A8ACA526}.Debug|x86.Build.0 = Debug|Any CPU
		{B68A0D0A-4785-48CB-864F-29E3A8ACA526}.Release|Any CPU.ActiveCfg = Release|Any CPU
		{B68A0D0A-4785-48CB-864F-29E3A8ACA526}.Release|Any CPU.Build.0 = Release|Any CPU
		{B68A0D0A-4785-48CB-864F-29E3A8ACA526}.Release|x64.ActiveCfg = Release|Any CPU
		{B68A0D0A-4785-48CB-864F-29E3A8ACA526}.Release|x64.Build.0 = Release|Any CPU
		{B68A0D0A-4785-48CB-864F-29E3A8ACA526}.Release|x86.ActiveCfg = Release|Any CPU
		{B68A0D0A-4785-48CB-864F-29E3A8ACA526}.Release|x86.Build.0 = Release|Any CPU
		{A422C742-2CF9-409D-BDAE-15825AB62113}.Debug|Any CPU.ActiveCfg = Debug|Any CPU
		{A422C742-2CF9-409D-BDAE-15825AB62113}.Debug|Any CPU.Build.0 = Debug|Any CPU
		{A422C742-2CF9-409D-BDAE-15825AB62113}.Debug|x64.ActiveCfg = Debug|Any CPU
		{A422C742-2CF9-409D-BDAE-15825AB62113}.Debug|x64.Build.0 = Debug|Any CPU
		{A422C742-2CF9-409D-BDAE-15825AB62113}.Debug|x86.ActiveCfg = Debug|Any CPU
		{A422C742-2CF9-409D-BDAE-15825AB62113}.Debug|x86.Build.0 = Debug|Any CPU
		{A422C742-2CF9-409D-BDAE-15825AB62113}.Release|Any CPU.ActiveCfg = Release|Any CPU
		{A422C742-2CF9-409D-BDAE-15825AB62113}.Release|Any CPU.Build.0 = Release|Any CPU
		{A422C742-2CF9-409D-BDAE-15825AB62113}.Release|x64.ActiveCfg = Release|Any CPU
		{A422C742-2CF9-409D-BDAE-15825AB62113}.Release|x64.Build.0 = Release|Any CPU
		{A422C742-2CF9-409D-BDAE-15825AB62113}.Release|x86.ActiveCfg = Release|Any CPU
		{A422C742-2CF9-409D-BDAE-15825AB62113}.Release|x86.Build.0 = Release|Any CPU
		{A040AED5-BBB8-4BFA-B2A5-BBD82817B8A5}.Debug|Any CPU.ActiveCfg = Debug|Any CPU
		{A040AED5-BBB8-4BFA-B2A5-BBD82817B8A5}.Debug|Any CPU.Build.0 = Debug|Any CPU
		{A040AED5-BBB8-4BFA-B2A5-BBD82817B8A5}.Debug|x64.ActiveCfg = Debug|Any CPU
		{A040AED5-BBB8-4BFA-B2A5-BBD82817B8A5}.Debug|x64.Build.0 = Debug|Any CPU
		{A040AED5-BBB8-4BFA-B2A5-BBD82817B8A5}.Debug|x86.ActiveCfg = Debug|Any CPU
		{A040AED5-BBB8-4BFA-B2A5-BBD82817B8A5}.Debug|x86.Build.0 = Debug|Any CPU
		{A040AED5-BBB8-4BFA-B2A5-BBD82817B8A5}.Release|Any CPU.ActiveCfg = Release|Any CPU
		{A040AED5-BBB8-4BFA-B2A5-BBD82817B8A5}.Release|Any CPU.Build.0 = Release|Any CPU
		{A040AED5-BBB8-4BFA-B2A5-BBD82817B8A5}.Release|x64.ActiveCfg = Release|Any CPU
		{A040AED5-BBB8-4BFA-B2A5-BBD82817B8A5}.Release|x64.Build.0 = Release|Any CPU
		{A040AED5-BBB8-4BFA-B2A5-BBD82817B8A5}.Release|x86.ActiveCfg = Release|Any CPU
		{A040AED5-BBB8-4BFA-B2A5-BBD82817B8A5}.Release|x86.Build.0 = Release|Any CPU
		{4EC48E6A-45B5-4E25-ABBD-C23FE2BD6E1E}.Debug|Any CPU.ActiveCfg = Debug|Any CPU
		{4EC48E6A-45B5-4E25-ABBD-C23FE2BD6E1E}.Debug|Any CPU.Build.0 = Debug|Any CPU
		{4EC48E6A-45B5-4E25-ABBD-C23FE2BD6E1E}.Debug|x64.ActiveCfg = Debug|Any CPU
		{4EC48E6A-45B5-4E25-ABBD-C23FE2BD6E1E}.Debug|x64.Build.0 = Debug|Any CPU
		{4EC48E6A-45B5-4E25-ABBD-C23FE2BD6E1E}.Debug|x86.ActiveCfg = Debug|Any CPU
		{4EC48E6A-45B5-4E25-ABBD-C23FE2BD6E1E}.Debug|x86.Build.0 = Debug|Any CPU
		{4EC48E6A-45B5-4E25-ABBD-C23FE2BD6E1E}.Release|Any CPU.ActiveCfg = Release|Any CPU
		{4EC48E6A-45B5-4E25-ABBD-C23FE2BD6E1E}.Release|Any CPU.Build.0 = Release|Any CPU
		{4EC48E6A-45B5-4E25-ABBD-C23FE2BD6E1E}.Release|x64.ActiveCfg = Release|Any CPU
		{4EC48E6A-45B5-4E25-ABBD-C23FE2BD6E1E}.Release|x64.Build.0 = Release|Any CPU
		{4EC48E6A-45B5-4E25-ABBD-C23FE2BD6E1E}.Release|x86.ActiveCfg = Release|Any CPU
		{4EC48E6A-45B5-4E25-ABBD-C23FE2BD6E1E}.Release|x86.Build.0 = Release|Any CPU
		{F8B4100F-4014-4A1E-8130-D281453B79ED}.Debug|Any CPU.ActiveCfg = Debug|Any CPU
		{F8B4100F-4014-4A1E-8130-D281453B79ED}.Debug|Any CPU.Build.0 = Debug|Any CPU
		{F8B4100F-4014-4A1E-8130-D281453B79ED}.Debug|x64.ActiveCfg = Debug|Any CPU
		{F8B4100F-4014-4A1E-8130-D281453B79ED}.Debug|x64.Build.0 = Debug|Any CPU
		{F8B4100F-4014-4A1E-8130-D281453B79ED}.Debug|x86.ActiveCfg = Debug|Any CPU
		{F8B4100F-4014-4A1E-8130-D281453B79ED}.Debug|x86.Build.0 = Debug|Any CPU
		{F8B4100F-4014-4A1E-8130-D281453B79ED}.Release|Any CPU.ActiveCfg = Release|Any CPU
		{F8B4100F-4014-4A1E-8130-D281453B79ED}.Release|Any CPU.Build.0 = Release|Any CPU
		{F8B4100F-4014-4A1E-8130-D281453B79ED}.Release|x64.ActiveCfg = Release|Any CPU
		{F8B4100F-4014-4A1E-8130-D281453B79ED}.Release|x64.Build.0 = Release|Any CPU
		{F8B4100F-4014-4A1E-8130-D281453B79ED}.Release|x86.ActiveCfg = Release|Any CPU
		{F8B4100F-4014-4A1E-8130-D281453B79ED}.Release|x86.Build.0 = Release|Any CPU
		{12B940EF-A5D3-459D-BD36-A603834D1F7D}.Debug|Any CPU.ActiveCfg = Debug|Any CPU
		{12B940EF-A5D3-459D-BD36-A603834D1F7D}.Debug|Any CPU.Build.0 = Debug|Any CPU
		{12B940EF-A5D3-459D-BD36-A603834D1F7D}.Debug|x64.ActiveCfg = Debug|Any CPU
		{12B940EF-A5D3-459D-BD36-A603834D1F7D}.Debug|x64.Build.0 = Debug|Any CPU
		{12B940EF-A5D3-459D-BD36-A603834D1F7D}.Debug|x86.ActiveCfg = Debug|Any CPU
		{12B940EF-A5D3-459D-BD36-A603834D1F7D}.Debug|x86.Build.0 = Debug|Any CPU
		{12B940EF-A5D3-459D-BD36-A603834D1F7D}.Release|Any CPU.ActiveCfg = Release|Any CPU
		{12B940EF-A5D3-459D-BD36-A603834D1F7D}.Release|Any CPU.Build.0 = Release|Any CPU
		{12B940EF-A5D3-459D-BD36-A603834D1F7D}.Release|x64.ActiveCfg = Release|Any CPU
		{12B940EF-A5D3-459D-BD36-A603834D1F7D}.Release|x64.Build.0 = Release|Any CPU
		{12B940EF-A5D3-459D-BD36-A603834D1F7D}.Release|x86.ActiveCfg = Release|Any CPU
		{12B940EF-A5D3-459D-BD36-A603834D1F7D}.Release|x86.Build.0 = Release|Any CPU
	EndGlobalSection
	GlobalSection(SolutionProperties) = preSolution
		HideSolutionNode = FALSE
	EndGlobalSection
	GlobalSection(NestedProjects) = preSolution
		{ACED222F-BDEB-48B6-BA6E-A28659080766} = {73C9B1E5-3893-47E8-B373-17E5F5D7E6F5}
		{7A6A2996-1F41-4C94-A0A2-3AE963247243} = {73C9B1E5-3893-47E8-B373-17E5F5D7E6F5}
		{3BA6251D-DE4E-4547-AAA9-25F4BA04C636} = {73C9B1E5-3893-47E8-B373-17E5F5D7E6F5}
		{1A3AC28C-3AEE-40FE-B229-9E38BB609547} = {73C9B1E5-3893-47E8-B373-17E5F5D7E6F5}
		{B68A0D0A-4785-48CB-864F-29E3A8ACA526} = {1CFF5568-8486-475F-81F6-06105C437528}
		{A422C742-2CF9-409D-BDAE-15825AB62113} = {1CFF5568-8486-475F-81F6-06105C437528}
		{A040AED5-BBB8-4BFA-B2A5-BBD82817B8A5} = {1CFF5568-8486-475F-81F6-06105C437528}
		{4EC48E6A-45B5-4E25-ABBD-C23FE2BD6E1E} = {1CFF5568-8486-475F-81F6-06105C437528}
		{F8B4100F-4014-4A1E-8130-D281453B79ED} = {73C9B1E5-3893-47E8-B373-17E5F5D7E6F5}
		{12B940EF-A5D3-459D-BD36-A603834D1F7D} = {1CFF5568-8486-475F-81F6-06105C437528}
	EndGlobalSection
	GlobalSection(ExtensibilityGlobals) = postSolution
		SolutionGuid = {679D274B-A336-468A-ADA1-935E3CF32F87}
	EndGlobalSection
EndGlobal
