
Microsoft Visual Studio Solution File, Format Version 12.00
# Visual Studio Version 17
VisualStudioVersion = 17.3.32929.385
MinimumVisualStudioVersion = 10.0.40219.1
Project("{2150E333-8FDC-42A3-9474-1A3956D46DE8}") = "src", "src", "{73C9B1E5-3893-47E8-B373-17E5F5D7E6F5}"
EndProject
Project("{FAE04EC0-301F-11D3-BF4B-00C04F79EFBC}") = "AWS.Lambda.Powertools.Common", "src\AWS.Lambda.Powertools.Common\AWS.Lambda.Powertools.Common.csproj", "{ACED222F-BDEB-48B6-BA6E-A28659080766}"
EndProject
Project("{FAE04EC0-301F-11D3-BF4B-00C04F79EFBC}") = "AWS.Lambda.Powertools.Logging", "src\AWS.Lambda.Powertools.Logging\AWS.Lambda.Powertools.Logging.csproj", "{7A6A2996-1F41-4C94-A0A2-3AE963247243}"
EndProject
Project("{FAE04EC0-301F-11D3-BF4B-00C04F79EFBC}") = "AWS.Lambda.Powertools.Metrics", "src\AWS.Lambda.Powertools.Metrics\AWS.Lambda.Powertools.Metrics.csproj", "{3BA6251D-DE4E-4547-AAA9-25F4BA04C636}"
EndProject
Project("{FAE04EC0-301F-11D3-BF4B-00C04F79EFBC}") = "AWS.Lambda.Powertools.Tracing", "src\AWS.Lambda.Powertools.Tracing\AWS.Lambda.Powertools.Tracing.csproj", "{1A3AC28C-3AEE-40FE-B229-9E38BB609547}"
EndProject
Project("{2150E333-8FDC-42A3-9474-1A3956D46DE8}") = "tests", "tests", "{1CFF5568-8486-475F-81F6-06105C437528}"
EndProject
Project("{FAE04EC0-301F-11D3-BF4B-00C04F79EFBC}") = "AWS.Lambda.Powertools.Logging.Tests", "tests\AWS.Lambda.Powertools.Logging.Tests\AWS.Lambda.Powertools.Logging.Tests.csproj", "{B68A0D0A-4785-48CB-864F-29E3A8ACA526}"
EndProject
Project("{FAE04EC0-301F-11D3-BF4B-00C04F79EFBC}") = "AWS.Lambda.Powertools.Metrics.Tests", "tests\AWS.Lambda.Powertools.Metrics.Tests\AWS.Lambda.Powertools.Metrics.Tests.csproj", "{A422C742-2CF9-409D-BDAE-15825AB62113}"
EndProject
Project("{FAE04EC0-301F-11D3-BF4B-00C04F79EFBC}") = "AWS.Lambda.Powertools.Tracing.Tests", "tests\AWS.Lambda.Powertools.Tracing.Tests\AWS.Lambda.Powertools.Tracing.Tests.csproj", "{A040AED5-BBB8-4BFA-B2A5-BBD82817B8A5}"
EndProject
Project("{FAE04EC0-301F-11D3-BF4B-00C04F79EFBC}") = "AWS.Lambda.Powertools.Common.Tests", "tests\AWS.Lambda.Powertools.Common.Tests\AWS.Lambda.Powertools.Common.Tests.csproj", "{4EC48E6A-45B5-4E25-ABBD-C23FE2BD6E1E}"
EndProject
Project("{FAE04EC0-301F-11D3-BF4B-00C04F79EFBC}") = "AWS.Lambda.Powertools.BatchProcessing", "src\AWS.Lambda.Powertools.BatchProcessing\AWS.Lambda.Powertools.BatchProcessing.csproj", "{F8B4100F-4014-4A1E-8130-D281453B79ED}"
EndProject
Project("{FAE04EC0-301F-11D3-BF4B-00C04F79EFBC}") = "AWS.Lambda.Powertools.BatchProcessing.Tests", "tests\AWS.Lambda.Powertools.BatchProcessing.Tests\AWS.Lambda.Powertools.BatchProcessing.Tests.csproj", "{12B940EF-A5D3-459D-BD36-A603834D1F7D}"
EndProject
Project("{FAE04EC0-301F-11D3-BF4B-00C04F79EFBC}") = "AWS.Lambda.Powertools.Idempotency", "src\AWS.Lambda.Powertools.Idempotency\AWS.Lambda.Powertools.Idempotency.csproj", "{B7AC87DF-9705-47D9-AC00-C230E577CA5D}"
EndProject
Project("{FAE04EC0-301F-11D3-BF4B-00C04F79EFBC}") = "AWS.Lambda.Powertools.Idempotency.Tests", "tests\AWS.Lambda.Powertools.Idempotency.Tests\AWS.Lambda.Powertools.Idempotency.Tests.csproj", "{3E1D77BD-70AF-4767-B00A-4A321D5AB2C3}"
EndProject
Project("{FAE04EC0-301F-11D3-BF4B-00C04F79EFBC}") = "AWS.Lambda.Powertools.Parameters", "src\AWS.Lambda.Powertools.Parameters\AWS.Lambda.Powertools.Parameters.csproj", "{1ECB31E8-2EF0-41E2-8C71-CB9876D207F0}"
EndProject
Project("{FAE04EC0-301F-11D3-BF4B-00C04F79EFBC}") = "AWS.Lambda.Powertools.Parameters.Tests", "tests\AWS.Lambda.Powertools.Parameters.Tests\AWS.Lambda.Powertools.Parameters.Tests.csproj", "{386A9769-59BF-4BE3-99D4-A9603E300729}"
EndProject
Project("{FAE04EC0-301F-11D3-BF4B-00C04F79EFBC}") = "AWS.Lambda.Powertools.JMESPath", "src\AWS.Lambda.Powertools.JMESPath\AWS.Lambda.Powertools.JMESPath.csproj", "{4F5020DB-9856-4A6F-B2CB-2C213FD749BC}"
EndProject
Project("{FAE04EC0-301F-11D3-BF4B-00C04F79EFBC}") = "AWS.Lambda.Powertools.JMESPath.Tests", "tests\AWS.Lambda.Powertools.JMESPath.Tests\AWS.Lambda.Powertools.JMESPath.Tests.csproj", "{B1A91FDB-A843-4CE5-A1AC-2ED48A158AA1}"
EndProject
Project("{2150E333-8FDC-42A3-9474-1A3956D46DE8}") = "e2e", "e2e", "{A19E6CBD-8078-49F9-849E-2E484BFAF324}"
	ProjectSection(SolutionItems) = preProject
		tests\e2e\Readme.md = tests\e2e\Readme.md
	EndProjectSection
EndProject
Project("{2150E333-8FDC-42A3-9474-1A3956D46DE8}") = "Infra", "Infra", "{93DEAC72-245F-4FC9-A7B5-DAE7EF7E1AB7}"
EndProject
Project("{2150E333-8FDC-42A3-9474-1A3956D46DE8}") = "Functions", "Functions", "{CDAE55EB-9438-4F54-B7ED-931D64324D5F}"
EndProject
Project("{FAE04EC0-301F-11D3-BF4B-00C04F79EFBC}") = "Infra", "tests\e2e\infra\Infra.csproj", "{AA532674-A61C-41E6-8F9A-ED53D79AF1EC}"
EndProject
Project("{2150E333-8FDC-42A3-9474-1A3956D46DE8}") = "Core", "Core", "{AAFA39E9-66A3-4B9A-AFE9-EAF74A85A7F0}"
	ProjectSection(SolutionItems) = preProject
		tests\e2e\functions\core\payload.json = tests\e2e\functions\core\payload.json
	EndProjectSection
EndProject
Project("{FAE04EC0-301F-11D3-BF4B-00C04F79EFBC}") = "TestUtils", "tests\e2e\functions\TestUtils\TestUtils.csproj", "{3C6162D7-0162-4BC2-BBF5-0554539A81CD}"
EndProject
Project("{2150E333-8FDC-42A3-9474-1A3956D46DE8}") = "Logging", "Logging", "{4EAB66F9-C9CB-4E8A-BEE6-A14CD7FDE02F}"
EndProject
Project("{2150E333-8FDC-42A3-9474-1A3956D46DE8}") = "Metrics", "Metrics", "{BA495B95-C463-4759-AA9D-34C6614B3511}"
EndProject
Project("{2150E333-8FDC-42A3-9474-1A3956D46DE8}") = "Tracing", "Tracing", "{3C9FA701-31FF-4747-B324-E0D252EAFD63}"
EndProject
Project("{FAE04EC0-301F-11D3-BF4B-00C04F79EFBC}") = "Function", "tests\e2e\functions\core\logging\Function\src\Function\Function.csproj", "{DEA5A48E-BC47-4E87-858C-282860CA196E}"
EndProject
Project("{FAE04EC0-301F-11D3-BF4B-00C04F79EFBC}") = "Function.Tests", "tests\e2e\functions\core\logging\Function\test\Function.Tests\Function.Tests.csproj", "{45D90299-D29F-4380-8FE8-98DF70508290}"
EndProject
Project("{FAE04EC0-301F-11D3-BF4B-00C04F79EFBC}") = "AOT-Function", "tests\e2e\functions\core\logging\AOT-Function\src\AOT-Function\AOT-Function.csproj", "{E0DEFF37-3706-4F61-98CA-904E2F964605}"
EndProject
Project("{FAE04EC0-301F-11D3-BF4B-00C04F79EFBC}") = "Function", "tests\e2e\functions\core\metrics\Function\src\Function\Function.csproj", "{F858D526-7919-472B-8992-D627A4F3987C}"
EndProject
Project("{FAE04EC0-301F-11D3-BF4B-00C04F79EFBC}") = "Function.Tests", "tests\e2e\functions\core\metrics\Function\test\Function.Tests\Function.Tests.csproj", "{92669F13-F9C9-479F-ABA1-163D93ABCF95}"
EndProject
Project("{FAE04EC0-301F-11D3-BF4B-00C04F79EFBC}") = "AOT-Function", "tests\e2e\functions\core\metrics\AOT-Function\src\AOT-Function\AOT-Function.csproj", "{CC30B576-10ED-4DB2-A6C7-3A603E671523}"
EndProject
Project("{FAE04EC0-301F-11D3-BF4B-00C04F79EFBC}") = "Function", "tests\e2e\functions\core\tracing\Function\src\Function\Function.csproj", "{D22576BE-3D83-47C1-8B35-947C0B6DA8ED}"
EndProject
Project("{FAE04EC0-301F-11D3-BF4B-00C04F79EFBC}") = "Function.Tests", "tests\e2e\functions\core\tracing\Function\test\Function.Tests\Function.Tests.csproj", "{8DDAFE37-ED59-4710-9415-8EBA44CC6437}"
EndProject
Project("{FAE04EC0-301F-11D3-BF4B-00C04F79EFBC}") = "AOT-Function", "tests\e2e\functions\core\tracing\AOT-Function\src\AOT-Function\AOT-Function.csproj", "{8DDED681-AE8D-45EB-A22E-2FFB88620F9B}"
EndProject
Project("{FAE04EC0-301F-11D3-BF4B-00C04F79EFBC}") = "InfraAot", "tests\e2e\infra-aot\InfraAot.csproj", "{24AC34AD-AEC9-4CFB-BB01-C3C81938AB95}"
EndProject
Project("{2150E333-8FDC-42A3-9474-1A3956D46DE8}") = "Idempotency", "Idempotency", "{9D292892-EF57-4930-8472-24BBBE02EBF4}"
EndProject
Project("{FAE04EC0-301F-11D3-BF4B-00C04F79EFBC}") = "Function", "tests\e2e\functions\core\idempotency\Function\src\Function\Function.csproj", "{6696859B-685D-4482-9237-22FD649357F3}"
EndProject
Project("{FAE04EC0-301F-11D3-BF4B-00C04F79EFBC}") = "AOT-Function", "tests\e2e\functions\core\idempotency\AOT-Function\src\AOT-Function\AOT-Function.csproj", "{222BB89F-10D8-4CB0-86BC-17F52FBE588F}"
EndProject
Project("{FAE04EC0-301F-11D3-BF4B-00C04F79EFBC}") = "Function.Tests", "tests\e2e\functions\core\idempotency\Function\test\Function.Tests\Function.Tests.csproj", "{96D0D8D7-EC06-44D1-B8D4-BFE02B1D0164}"
EndProject
Project("{FAE04EC0-301F-11D3-BF4B-00C04F79EFBC}") = "InfraShared", "tests\e2e\InfraShared\InfraShared.csproj", "{D303B458-9D84-4DDF-8781-2C0211672329}"
EndProject
Global
	GlobalSection(SolutionConfigurationPlatforms) = preSolution
		Debug|Any CPU = Debug|Any CPU
		Debug|x64 = Debug|x64
		Debug|x86 = Debug|x86
		Release|Any CPU = Release|Any CPU
		Release|x64 = Release|x64
		Release|x86 = Release|x86
	EndGlobalSection
	GlobalSection(SolutionProperties) = preSolution
		HideSolutionNode = FALSE
	EndGlobalSection
	GlobalSection(ProjectConfigurationPlatforms) = postSolution
		{ACED222F-BDEB-48B6-BA6E-A28659080766}.Debug|Any CPU.ActiveCfg = Debug|Any CPU
		{ACED222F-BDEB-48B6-BA6E-A28659080766}.Debug|Any CPU.Build.0 = Debug|Any CPU
		{ACED222F-BDEB-48B6-BA6E-A28659080766}.Debug|x64.ActiveCfg = Debug|Any CPU
		{ACED222F-BDEB-48B6-BA6E-A28659080766}.Debug|x64.Build.0 = Debug|Any CPU
		{ACED222F-BDEB-48B6-BA6E-A28659080766}.Debug|x86.ActiveCfg = Debug|Any CPU
		{ACED222F-BDEB-48B6-BA6E-A28659080766}.Debug|x86.Build.0 = Debug|Any CPU
		{ACED222F-BDEB-48B6-BA6E-A28659080766}.Release|Any CPU.ActiveCfg = Release|Any CPU
		{ACED222F-BDEB-48B6-BA6E-A28659080766}.Release|Any CPU.Build.0 = Release|Any CPU
		{ACED222F-BDEB-48B6-BA6E-A28659080766}.Release|x64.ActiveCfg = Release|Any CPU
		{ACED222F-BDEB-48B6-BA6E-A28659080766}.Release|x64.Build.0 = Release|Any CPU
		{ACED222F-BDEB-48B6-BA6E-A28659080766}.Release|x86.ActiveCfg = Release|Any CPU
		{ACED222F-BDEB-48B6-BA6E-A28659080766}.Release|x86.Build.0 = Release|Any CPU
		{7A6A2996-1F41-4C94-A0A2-3AE963247243}.Debug|Any CPU.ActiveCfg = Debug|Any CPU
		{7A6A2996-1F41-4C94-A0A2-3AE963247243}.Debug|Any CPU.Build.0 = Debug|Any CPU
		{7A6A2996-1F41-4C94-A0A2-3AE963247243}.Debug|x64.ActiveCfg = Debug|Any CPU
		{7A6A2996-1F41-4C94-A0A2-3AE963247243}.Debug|x64.Build.0 = Debug|Any CPU
		{7A6A2996-1F41-4C94-A0A2-3AE963247243}.Debug|x86.ActiveCfg = Debug|Any CPU
		{7A6A2996-1F41-4C94-A0A2-3AE963247243}.Debug|x86.Build.0 = Debug|Any CPU
		{7A6A2996-1F41-4C94-A0A2-3AE963247243}.Release|Any CPU.ActiveCfg = Release|Any CPU
		{7A6A2996-1F41-4C94-A0A2-3AE963247243}.Release|Any CPU.Build.0 = Release|Any CPU
		{7A6A2996-1F41-4C94-A0A2-3AE963247243}.Release|x64.ActiveCfg = Release|Any CPU
		{7A6A2996-1F41-4C94-A0A2-3AE963247243}.Release|x64.Build.0 = Release|Any CPU
		{7A6A2996-1F41-4C94-A0A2-3AE963247243}.Release|x86.ActiveCfg = Release|Any CPU
		{7A6A2996-1F41-4C94-A0A2-3AE963247243}.Release|x86.Build.0 = Release|Any CPU
		{3BA6251D-DE4E-4547-AAA9-25F4BA04C636}.Debug|Any CPU.ActiveCfg = Debug|Any CPU
		{3BA6251D-DE4E-4547-AAA9-25F4BA04C636}.Debug|Any CPU.Build.0 = Debug|Any CPU
		{3BA6251D-DE4E-4547-AAA9-25F4BA04C636}.Debug|x64.ActiveCfg = Debug|Any CPU
		{3BA6251D-DE4E-4547-AAA9-25F4BA04C636}.Debug|x64.Build.0 = Debug|Any CPU
		{3BA6251D-DE4E-4547-AAA9-25F4BA04C636}.Debug|x86.ActiveCfg = Debug|Any CPU
		{3BA6251D-DE4E-4547-AAA9-25F4BA04C636}.Debug|x86.Build.0 = Debug|Any CPU
		{3BA6251D-DE4E-4547-AAA9-25F4BA04C636}.Release|Any CPU.ActiveCfg = Release|Any CPU
		{3BA6251D-DE4E-4547-AAA9-25F4BA04C636}.Release|Any CPU.Build.0 = Release|Any CPU
		{3BA6251D-DE4E-4547-AAA9-25F4BA04C636}.Release|x64.ActiveCfg = Release|Any CPU
		{3BA6251D-DE4E-4547-AAA9-25F4BA04C636}.Release|x64.Build.0 = Release|Any CPU
		{3BA6251D-DE4E-4547-AAA9-25F4BA04C636}.Release|x86.ActiveCfg = Release|Any CPU
		{3BA6251D-DE4E-4547-AAA9-25F4BA04C636}.Release|x86.Build.0 = Release|Any CPU
		{1A3AC28C-3AEE-40FE-B229-9E38BB609547}.Debug|Any CPU.ActiveCfg = Debug|Any CPU
		{1A3AC28C-3AEE-40FE-B229-9E38BB609547}.Debug|Any CPU.Build.0 = Debug|Any CPU
		{1A3AC28C-3AEE-40FE-B229-9E38BB609547}.Debug|x64.ActiveCfg = Debug|Any CPU
		{1A3AC28C-3AEE-40FE-B229-9E38BB609547}.Debug|x64.Build.0 = Debug|Any CPU
		{1A3AC28C-3AEE-40FE-B229-9E38BB609547}.Debug|x86.ActiveCfg = Debug|Any CPU
		{1A3AC28C-3AEE-40FE-B229-9E38BB609547}.Debug|x86.Build.0 = Debug|Any CPU
		{1A3AC28C-3AEE-40FE-B229-9E38BB609547}.Release|Any CPU.ActiveCfg = Release|Any CPU
		{1A3AC28C-3AEE-40FE-B229-9E38BB609547}.Release|Any CPU.Build.0 = Release|Any CPU
		{1A3AC28C-3AEE-40FE-B229-9E38BB609547}.Release|x64.ActiveCfg = Release|Any CPU
		{1A3AC28C-3AEE-40FE-B229-9E38BB609547}.Release|x64.Build.0 = Release|Any CPU
		{1A3AC28C-3AEE-40FE-B229-9E38BB609547}.Release|x86.ActiveCfg = Release|Any CPU
		{1A3AC28C-3AEE-40FE-B229-9E38BB609547}.Release|x86.Build.0 = Release|Any CPU
		{B68A0D0A-4785-48CB-864F-29E3A8ACA526}.Debug|Any CPU.ActiveCfg = Debug|Any CPU
		{B68A0D0A-4785-48CB-864F-29E3A8ACA526}.Debug|Any CPU.Build.0 = Debug|Any CPU
		{B68A0D0A-4785-48CB-864F-29E3A8ACA526}.Debug|x64.ActiveCfg = Debug|Any CPU
		{B68A0D0A-4785-48CB-864F-29E3A8ACA526}.Debug|x64.Build.0 = Debug|Any CPU
		{B68A0D0A-4785-48CB-864F-29E3A8ACA526}.Debug|x86.ActiveCfg = Debug|Any CPU
		{B68A0D0A-4785-48CB-864F-29E3A8ACA526}.Debug|x86.Build.0 = Debug|Any CPU
		{B68A0D0A-4785-48CB-864F-29E3A8ACA526}.Release|Any CPU.ActiveCfg = Release|Any CPU
		{B68A0D0A-4785-48CB-864F-29E3A8ACA526}.Release|Any CPU.Build.0 = Release|Any CPU
		{B68A0D0A-4785-48CB-864F-29E3A8ACA526}.Release|x64.ActiveCfg = Release|Any CPU
		{B68A0D0A-4785-48CB-864F-29E3A8ACA526}.Release|x64.Build.0 = Release|Any CPU
		{B68A0D0A-4785-48CB-864F-29E3A8ACA526}.Release|x86.ActiveCfg = Release|Any CPU
		{B68A0D0A-4785-48CB-864F-29E3A8ACA526}.Release|x86.Build.0 = Release|Any CPU
		{A422C742-2CF9-409D-BDAE-15825AB62113}.Debug|Any CPU.ActiveCfg = Debug|Any CPU
		{A422C742-2CF9-409D-BDAE-15825AB62113}.Debug|Any CPU.Build.0 = Debug|Any CPU
		{A422C742-2CF9-409D-BDAE-15825AB62113}.Debug|x64.ActiveCfg = Debug|Any CPU
		{A422C742-2CF9-409D-BDAE-15825AB62113}.Debug|x64.Build.0 = Debug|Any CPU
		{A422C742-2CF9-409D-BDAE-15825AB62113}.Debug|x86.ActiveCfg = Debug|Any CPU
		{A422C742-2CF9-409D-BDAE-15825AB62113}.Debug|x86.Build.0 = Debug|Any CPU
		{A422C742-2CF9-409D-BDAE-15825AB62113}.Release|Any CPU.ActiveCfg = Release|Any CPU
		{A422C742-2CF9-409D-BDAE-15825AB62113}.Release|Any CPU.Build.0 = Release|Any CPU
		{A422C742-2CF9-409D-BDAE-15825AB62113}.Release|x64.ActiveCfg = Release|Any CPU
		{A422C742-2CF9-409D-BDAE-15825AB62113}.Release|x64.Build.0 = Release|Any CPU
		{A422C742-2CF9-409D-BDAE-15825AB62113}.Release|x86.ActiveCfg = Release|Any CPU
		{A422C742-2CF9-409D-BDAE-15825AB62113}.Release|x86.Build.0 = Release|Any CPU
		{A040AED5-BBB8-4BFA-B2A5-BBD82817B8A5}.Debug|Any CPU.ActiveCfg = Debug|Any CPU
		{A040AED5-BBB8-4BFA-B2A5-BBD82817B8A5}.Debug|Any CPU.Build.0 = Debug|Any CPU
		{A040AED5-BBB8-4BFA-B2A5-BBD82817B8A5}.Debug|x64.ActiveCfg = Debug|Any CPU
		{A040AED5-BBB8-4BFA-B2A5-BBD82817B8A5}.Debug|x64.Build.0 = Debug|Any CPU
		{A040AED5-BBB8-4BFA-B2A5-BBD82817B8A5}.Debug|x86.ActiveCfg = Debug|Any CPU
		{A040AED5-BBB8-4BFA-B2A5-BBD82817B8A5}.Debug|x86.Build.0 = Debug|Any CPU
		{A040AED5-BBB8-4BFA-B2A5-BBD82817B8A5}.Release|Any CPU.ActiveCfg = Release|Any CPU
		{A040AED5-BBB8-4BFA-B2A5-BBD82817B8A5}.Release|Any CPU.Build.0 = Release|Any CPU
		{A040AED5-BBB8-4BFA-B2A5-BBD82817B8A5}.Release|x64.ActiveCfg = Release|Any CPU
		{A040AED5-BBB8-4BFA-B2A5-BBD82817B8A5}.Release|x64.Build.0 = Release|Any CPU
		{A040AED5-BBB8-4BFA-B2A5-BBD82817B8A5}.Release|x86.ActiveCfg = Release|Any CPU
		{A040AED5-BBB8-4BFA-B2A5-BBD82817B8A5}.Release|x86.Build.0 = Release|Any CPU
		{4EC48E6A-45B5-4E25-ABBD-C23FE2BD6E1E}.Debug|Any CPU.ActiveCfg = Debug|Any CPU
		{4EC48E6A-45B5-4E25-ABBD-C23FE2BD6E1E}.Debug|Any CPU.Build.0 = Debug|Any CPU
		{4EC48E6A-45B5-4E25-ABBD-C23FE2BD6E1E}.Debug|x64.ActiveCfg = Debug|Any CPU
		{4EC48E6A-45B5-4E25-ABBD-C23FE2BD6E1E}.Debug|x64.Build.0 = Debug|Any CPU
		{4EC48E6A-45B5-4E25-ABBD-C23FE2BD6E1E}.Debug|x86.ActiveCfg = Debug|Any CPU
		{4EC48E6A-45B5-4E25-ABBD-C23FE2BD6E1E}.Debug|x86.Build.0 = Debug|Any CPU
		{4EC48E6A-45B5-4E25-ABBD-C23FE2BD6E1E}.Release|Any CPU.ActiveCfg = Release|Any CPU
		{4EC48E6A-45B5-4E25-ABBD-C23FE2BD6E1E}.Release|Any CPU.Build.0 = Release|Any CPU
		{4EC48E6A-45B5-4E25-ABBD-C23FE2BD6E1E}.Release|x64.ActiveCfg = Release|Any CPU
		{4EC48E6A-45B5-4E25-ABBD-C23FE2BD6E1E}.Release|x64.Build.0 = Release|Any CPU
		{4EC48E6A-45B5-4E25-ABBD-C23FE2BD6E1E}.Release|x86.ActiveCfg = Release|Any CPU
		{4EC48E6A-45B5-4E25-ABBD-C23FE2BD6E1E}.Release|x86.Build.0 = Release|Any CPU
		{F8B4100F-4014-4A1E-8130-D281453B79ED}.Debug|Any CPU.ActiveCfg = Debug|Any CPU
		{F8B4100F-4014-4A1E-8130-D281453B79ED}.Debug|Any CPU.Build.0 = Debug|Any CPU
		{F8B4100F-4014-4A1E-8130-D281453B79ED}.Debug|x64.ActiveCfg = Debug|Any CPU
		{F8B4100F-4014-4A1E-8130-D281453B79ED}.Debug|x64.Build.0 = Debug|Any CPU
		{F8B4100F-4014-4A1E-8130-D281453B79ED}.Debug|x86.ActiveCfg = Debug|Any CPU
		{F8B4100F-4014-4A1E-8130-D281453B79ED}.Debug|x86.Build.0 = Debug|Any CPU
		{F8B4100F-4014-4A1E-8130-D281453B79ED}.Release|Any CPU.ActiveCfg = Release|Any CPU
		{F8B4100F-4014-4A1E-8130-D281453B79ED}.Release|Any CPU.Build.0 = Release|Any CPU
		{F8B4100F-4014-4A1E-8130-D281453B79ED}.Release|x64.ActiveCfg = Release|Any CPU
		{F8B4100F-4014-4A1E-8130-D281453B79ED}.Release|x64.Build.0 = Release|Any CPU
		{F8B4100F-4014-4A1E-8130-D281453B79ED}.Release|x86.ActiveCfg = Release|Any CPU
		{F8B4100F-4014-4A1E-8130-D281453B79ED}.Release|x86.Build.0 = Release|Any CPU
		{12B940EF-A5D3-459D-BD36-A603834D1F7D}.Debug|Any CPU.ActiveCfg = Debug|Any CPU
		{12B940EF-A5D3-459D-BD36-A603834D1F7D}.Debug|Any CPU.Build.0 = Debug|Any CPU
		{12B940EF-A5D3-459D-BD36-A603834D1F7D}.Debug|x64.ActiveCfg = Debug|Any CPU
		{12B940EF-A5D3-459D-BD36-A603834D1F7D}.Debug|x64.Build.0 = Debug|Any CPU
		{12B940EF-A5D3-459D-BD36-A603834D1F7D}.Debug|x86.ActiveCfg = Debug|Any CPU
		{12B940EF-A5D3-459D-BD36-A603834D1F7D}.Debug|x86.Build.0 = Debug|Any CPU
		{12B940EF-A5D3-459D-BD36-A603834D1F7D}.Release|Any CPU.ActiveCfg = Release|Any CPU
		{12B940EF-A5D3-459D-BD36-A603834D1F7D}.Release|Any CPU.Build.0 = Release|Any CPU
		{12B940EF-A5D3-459D-BD36-A603834D1F7D}.Release|x64.ActiveCfg = Release|Any CPU
		{12B940EF-A5D3-459D-BD36-A603834D1F7D}.Release|x64.Build.0 = Release|Any CPU
		{12B940EF-A5D3-459D-BD36-A603834D1F7D}.Release|x86.ActiveCfg = Release|Any CPU
		{12B940EF-A5D3-459D-BD36-A603834D1F7D}.Release|x86.Build.0 = Release|Any CPU
		{B7AC87DF-9705-47D9-AC00-C230E577CA5D}.Debug|Any CPU.ActiveCfg = Debug|Any CPU
		{B7AC87DF-9705-47D9-AC00-C230E577CA5D}.Debug|Any CPU.Build.0 = Debug|Any CPU
		{B7AC87DF-9705-47D9-AC00-C230E577CA5D}.Debug|x64.ActiveCfg = Debug|Any CPU
		{B7AC87DF-9705-47D9-AC00-C230E577CA5D}.Debug|x64.Build.0 = Debug|Any CPU
		{B7AC87DF-9705-47D9-AC00-C230E577CA5D}.Debug|x86.ActiveCfg = Debug|Any CPU
		{B7AC87DF-9705-47D9-AC00-C230E577CA5D}.Debug|x86.Build.0 = Debug|Any CPU
		{B7AC87DF-9705-47D9-AC00-C230E577CA5D}.Release|Any CPU.ActiveCfg = Release|Any CPU
		{B7AC87DF-9705-47D9-AC00-C230E577CA5D}.Release|Any CPU.Build.0 = Release|Any CPU
		{B7AC87DF-9705-47D9-AC00-C230E577CA5D}.Release|x64.ActiveCfg = Release|Any CPU
		{B7AC87DF-9705-47D9-AC00-C230E577CA5D}.Release|x64.Build.0 = Release|Any CPU
		{B7AC87DF-9705-47D9-AC00-C230E577CA5D}.Release|x86.ActiveCfg = Release|Any CPU
		{B7AC87DF-9705-47D9-AC00-C230E577CA5D}.Release|x86.Build.0 = Release|Any CPU
		{3E1D77BD-70AF-4767-B00A-4A321D5AB2C3}.Debug|Any CPU.ActiveCfg = Debug|Any CPU
		{3E1D77BD-70AF-4767-B00A-4A321D5AB2C3}.Debug|Any CPU.Build.0 = Debug|Any CPU
		{3E1D77BD-70AF-4767-B00A-4A321D5AB2C3}.Debug|x64.ActiveCfg = Debug|Any CPU
		{3E1D77BD-70AF-4767-B00A-4A321D5AB2C3}.Debug|x64.Build.0 = Debug|Any CPU
		{3E1D77BD-70AF-4767-B00A-4A321D5AB2C3}.Debug|x86.ActiveCfg = Debug|Any CPU
		{3E1D77BD-70AF-4767-B00A-4A321D5AB2C3}.Debug|x86.Build.0 = Debug|Any CPU
		{3E1D77BD-70AF-4767-B00A-4A321D5AB2C3}.Release|Any CPU.ActiveCfg = Release|Any CPU
		{3E1D77BD-70AF-4767-B00A-4A321D5AB2C3}.Release|Any CPU.Build.0 = Release|Any CPU
		{3E1D77BD-70AF-4767-B00A-4A321D5AB2C3}.Release|x64.ActiveCfg = Release|Any CPU
		{3E1D77BD-70AF-4767-B00A-4A321D5AB2C3}.Release|x64.Build.0 = Release|Any CPU
		{3E1D77BD-70AF-4767-B00A-4A321D5AB2C3}.Release|x86.ActiveCfg = Release|Any CPU
		{3E1D77BD-70AF-4767-B00A-4A321D5AB2C3}.Release|x86.Build.0 = Release|Any CPU
		{1ECB31E8-2EF0-41E2-8C71-CB9876D207F0}.Debug|Any CPU.ActiveCfg = Debug|Any CPU
		{1ECB31E8-2EF0-41E2-8C71-CB9876D207F0}.Debug|Any CPU.Build.0 = Debug|Any CPU
		{1ECB31E8-2EF0-41E2-8C71-CB9876D207F0}.Debug|x64.ActiveCfg = Debug|Any CPU
		{1ECB31E8-2EF0-41E2-8C71-CB9876D207F0}.Debug|x64.Build.0 = Debug|Any CPU
		{1ECB31E8-2EF0-41E2-8C71-CB9876D207F0}.Debug|x86.ActiveCfg = Debug|Any CPU
		{1ECB31E8-2EF0-41E2-8C71-CB9876D207F0}.Debug|x86.Build.0 = Debug|Any CPU
		{1ECB31E8-2EF0-41E2-8C71-CB9876D207F0}.Release|Any CPU.ActiveCfg = Release|Any CPU
		{1ECB31E8-2EF0-41E2-8C71-CB9876D207F0}.Release|Any CPU.Build.0 = Release|Any CPU
		{1ECB31E8-2EF0-41E2-8C71-CB9876D207F0}.Release|x64.ActiveCfg = Release|Any CPU
		{1ECB31E8-2EF0-41E2-8C71-CB9876D207F0}.Release|x64.Build.0 = Release|Any CPU
		{1ECB31E8-2EF0-41E2-8C71-CB9876D207F0}.Release|x86.ActiveCfg = Release|Any CPU
		{1ECB31E8-2EF0-41E2-8C71-CB9876D207F0}.Release|x86.Build.0 = Release|Any CPU
		{386A9769-59BF-4BE3-99D4-A9603E300729}.Debug|Any CPU.ActiveCfg = Debug|Any CPU
		{386A9769-59BF-4BE3-99D4-A9603E300729}.Debug|Any CPU.Build.0 = Debug|Any CPU
		{386A9769-59BF-4BE3-99D4-A9603E300729}.Debug|x64.ActiveCfg = Debug|Any CPU
		{386A9769-59BF-4BE3-99D4-A9603E300729}.Debug|x64.Build.0 = Debug|Any CPU
		{386A9769-59BF-4BE3-99D4-A9603E300729}.Debug|x86.ActiveCfg = Debug|Any CPU
		{386A9769-59BF-4BE3-99D4-A9603E300729}.Debug|x86.Build.0 = Debug|Any CPU
		{386A9769-59BF-4BE3-99D4-A9603E300729}.Release|Any CPU.ActiveCfg = Release|Any CPU
		{386A9769-59BF-4BE3-99D4-A9603E300729}.Release|Any CPU.Build.0 = Release|Any CPU
		{386A9769-59BF-4BE3-99D4-A9603E300729}.Release|x64.ActiveCfg = Release|Any CPU
		{386A9769-59BF-4BE3-99D4-A9603E300729}.Release|x64.Build.0 = Release|Any CPU
		{386A9769-59BF-4BE3-99D4-A9603E300729}.Release|x86.ActiveCfg = Release|Any CPU
		{386A9769-59BF-4BE3-99D4-A9603E300729}.Release|x86.Build.0 = Release|Any CPU
		{4F5020DB-9856-4A6F-B2CB-2C213FD749BC}.Debug|Any CPU.ActiveCfg = Debug|Any CPU
		{4F5020DB-9856-4A6F-B2CB-2C213FD749BC}.Debug|Any CPU.Build.0 = Debug|Any CPU
		{4F5020DB-9856-4A6F-B2CB-2C213FD749BC}.Debug|x64.ActiveCfg = Debug|Any CPU
		{4F5020DB-9856-4A6F-B2CB-2C213FD749BC}.Debug|x64.Build.0 = Debug|Any CPU
		{4F5020DB-9856-4A6F-B2CB-2C213FD749BC}.Debug|x86.ActiveCfg = Debug|Any CPU
		{4F5020DB-9856-4A6F-B2CB-2C213FD749BC}.Debug|x86.Build.0 = Debug|Any CPU
		{4F5020DB-9856-4A6F-B2CB-2C213FD749BC}.Release|Any CPU.ActiveCfg = Release|Any CPU
		{4F5020DB-9856-4A6F-B2CB-2C213FD749BC}.Release|Any CPU.Build.0 = Release|Any CPU
		{4F5020DB-9856-4A6F-B2CB-2C213FD749BC}.Release|x64.ActiveCfg = Release|Any CPU
		{4F5020DB-9856-4A6F-B2CB-2C213FD749BC}.Release|x64.Build.0 = Release|Any CPU
		{4F5020DB-9856-4A6F-B2CB-2C213FD749BC}.Release|x86.ActiveCfg = Release|Any CPU
		{4F5020DB-9856-4A6F-B2CB-2C213FD749BC}.Release|x86.Build.0 = Release|Any CPU
		{B1A91FDB-A843-4CE5-A1AC-2ED48A158AA1}.Debug|Any CPU.ActiveCfg = Debug|Any CPU
		{B1A91FDB-A843-4CE5-A1AC-2ED48A158AA1}.Debug|Any CPU.Build.0 = Debug|Any CPU
		{B1A91FDB-A843-4CE5-A1AC-2ED48A158AA1}.Debug|x64.ActiveCfg = Debug|Any CPU
		{B1A91FDB-A843-4CE5-A1AC-2ED48A158AA1}.Debug|x64.Build.0 = Debug|Any CPU
		{B1A91FDB-A843-4CE5-A1AC-2ED48A158AA1}.Debug|x86.ActiveCfg = Debug|Any CPU
		{B1A91FDB-A843-4CE5-A1AC-2ED48A158AA1}.Debug|x86.Build.0 = Debug|Any CPU
		{B1A91FDB-A843-4CE5-A1AC-2ED48A158AA1}.Release|Any CPU.ActiveCfg = Release|Any CPU
		{B1A91FDB-A843-4CE5-A1AC-2ED48A158AA1}.Release|Any CPU.Build.0 = Release|Any CPU
		{B1A91FDB-A843-4CE5-A1AC-2ED48A158AA1}.Release|x64.ActiveCfg = Release|Any CPU
		{B1A91FDB-A843-4CE5-A1AC-2ED48A158AA1}.Release|x64.Build.0 = Release|Any CPU
		{B1A91FDB-A843-4CE5-A1AC-2ED48A158AA1}.Release|x86.ActiveCfg = Release|Any CPU
		{B1A91FDB-A843-4CE5-A1AC-2ED48A158AA1}.Release|x86.Build.0 = Release|Any CPU
		{AA532674-A61C-41E6-8F9A-ED53D79AF1EC}.Debug|Any CPU.ActiveCfg = Debug|Any CPU
		{AA532674-A61C-41E6-8F9A-ED53D79AF1EC}.Debug|Any CPU.Build.0 = Debug|Any CPU
		{AA532674-A61C-41E6-8F9A-ED53D79AF1EC}.Debug|x64.ActiveCfg = Debug|Any CPU
		{AA532674-A61C-41E6-8F9A-ED53D79AF1EC}.Debug|x64.Build.0 = Debug|Any CPU
		{AA532674-A61C-41E6-8F9A-ED53D79AF1EC}.Debug|x86.ActiveCfg = Debug|Any CPU
		{AA532674-A61C-41E6-8F9A-ED53D79AF1EC}.Debug|x86.Build.0 = Debug|Any CPU
		{AA532674-A61C-41E6-8F9A-ED53D79AF1EC}.Release|Any CPU.ActiveCfg = Release|Any CPU
		{AA532674-A61C-41E6-8F9A-ED53D79AF1EC}.Release|Any CPU.Build.0 = Release|Any CPU
		{AA532674-A61C-41E6-8F9A-ED53D79AF1EC}.Release|x64.ActiveCfg = Release|Any CPU
		{AA532674-A61C-41E6-8F9A-ED53D79AF1EC}.Release|x64.Build.0 = Release|Any CPU
		{AA532674-A61C-41E6-8F9A-ED53D79AF1EC}.Release|x86.ActiveCfg = Release|Any CPU
		{AA532674-A61C-41E6-8F9A-ED53D79AF1EC}.Release|x86.Build.0 = Release|Any CPU
		{3C6162D7-0162-4BC2-BBF5-0554539A81CD}.Debug|Any CPU.ActiveCfg = Debug|Any CPU
		{3C6162D7-0162-4BC2-BBF5-0554539A81CD}.Debug|Any CPU.Build.0 = Debug|Any CPU
		{3C6162D7-0162-4BC2-BBF5-0554539A81CD}.Debug|x64.ActiveCfg = Debug|Any CPU
		{3C6162D7-0162-4BC2-BBF5-0554539A81CD}.Debug|x64.Build.0 = Debug|Any CPU
		{3C6162D7-0162-4BC2-BBF5-0554539A81CD}.Debug|x86.ActiveCfg = Debug|Any CPU
		{3C6162D7-0162-4BC2-BBF5-0554539A81CD}.Debug|x86.Build.0 = Debug|Any CPU
		{3C6162D7-0162-4BC2-BBF5-0554539A81CD}.Release|Any CPU.ActiveCfg = Release|Any CPU
		{3C6162D7-0162-4BC2-BBF5-0554539A81CD}.Release|Any CPU.Build.0 = Release|Any CPU
		{3C6162D7-0162-4BC2-BBF5-0554539A81CD}.Release|x64.ActiveCfg = Release|Any CPU
		{3C6162D7-0162-4BC2-BBF5-0554539A81CD}.Release|x64.Build.0 = Release|Any CPU
		{3C6162D7-0162-4BC2-BBF5-0554539A81CD}.Release|x86.ActiveCfg = Release|Any CPU
		{3C6162D7-0162-4BC2-BBF5-0554539A81CD}.Release|x86.Build.0 = Release|Any CPU
		{DEA5A48E-BC47-4E87-858C-282860CA196E}.Debug|Any CPU.ActiveCfg = Debug|Any CPU
		{DEA5A48E-BC47-4E87-858C-282860CA196E}.Debug|Any CPU.Build.0 = Debug|Any CPU
		{DEA5A48E-BC47-4E87-858C-282860CA196E}.Debug|x64.ActiveCfg = Debug|Any CPU
		{DEA5A48E-BC47-4E87-858C-282860CA196E}.Debug|x64.Build.0 = Debug|Any CPU
		{DEA5A48E-BC47-4E87-858C-282860CA196E}.Debug|x86.ActiveCfg = Debug|Any CPU
		{DEA5A48E-BC47-4E87-858C-282860CA196E}.Debug|x86.Build.0 = Debug|Any CPU
		{DEA5A48E-BC47-4E87-858C-282860CA196E}.Release|Any CPU.ActiveCfg = Release|Any CPU
		{DEA5A48E-BC47-4E87-858C-282860CA196E}.Release|Any CPU.Build.0 = Release|Any CPU
		{DEA5A48E-BC47-4E87-858C-282860CA196E}.Release|x64.ActiveCfg = Release|Any CPU
		{DEA5A48E-BC47-4E87-858C-282860CA196E}.Release|x64.Build.0 = Release|Any CPU
		{DEA5A48E-BC47-4E87-858C-282860CA196E}.Release|x86.ActiveCfg = Release|Any CPU
		{DEA5A48E-BC47-4E87-858C-282860CA196E}.Release|x86.Build.0 = Release|Any CPU
		{45D90299-D29F-4380-8FE8-98DF70508290}.Debug|Any CPU.ActiveCfg = Debug|Any CPU
		{45D90299-D29F-4380-8FE8-98DF70508290}.Debug|Any CPU.Build.0 = Debug|Any CPU
		{45D90299-D29F-4380-8FE8-98DF70508290}.Debug|x64.ActiveCfg = Debug|Any CPU
		{45D90299-D29F-4380-8FE8-98DF70508290}.Debug|x64.Build.0 = Debug|Any CPU
		{45D90299-D29F-4380-8FE8-98DF70508290}.Debug|x86.ActiveCfg = Debug|Any CPU
		{45D90299-D29F-4380-8FE8-98DF70508290}.Debug|x86.Build.0 = Debug|Any CPU
		{45D90299-D29F-4380-8FE8-98DF70508290}.Release|Any CPU.ActiveCfg = Release|Any CPU
		{45D90299-D29F-4380-8FE8-98DF70508290}.Release|Any CPU.Build.0 = Release|Any CPU
		{45D90299-D29F-4380-8FE8-98DF70508290}.Release|x64.ActiveCfg = Release|Any CPU
		{45D90299-D29F-4380-8FE8-98DF70508290}.Release|x64.Build.0 = Release|Any CPU
		{45D90299-D29F-4380-8FE8-98DF70508290}.Release|x86.ActiveCfg = Release|Any CPU
		{45D90299-D29F-4380-8FE8-98DF70508290}.Release|x86.Build.0 = Release|Any CPU
		{E0DEFF37-3706-4F61-98CA-904E2F964605}.Debug|Any CPU.ActiveCfg = Debug|Any CPU
		{E0DEFF37-3706-4F61-98CA-904E2F964605}.Debug|Any CPU.Build.0 = Debug|Any CPU
		{E0DEFF37-3706-4F61-98CA-904E2F964605}.Debug|x64.ActiveCfg = Debug|Any CPU
		{E0DEFF37-3706-4F61-98CA-904E2F964605}.Debug|x64.Build.0 = Debug|Any CPU
		{E0DEFF37-3706-4F61-98CA-904E2F964605}.Debug|x86.ActiveCfg = Debug|Any CPU
		{E0DEFF37-3706-4F61-98CA-904E2F964605}.Debug|x86.Build.0 = Debug|Any CPU
		{E0DEFF37-3706-4F61-98CA-904E2F964605}.Release|Any CPU.ActiveCfg = Release|Any CPU
		{E0DEFF37-3706-4F61-98CA-904E2F964605}.Release|Any CPU.Build.0 = Release|Any CPU
		{E0DEFF37-3706-4F61-98CA-904E2F964605}.Release|x64.ActiveCfg = Release|Any CPU
		{E0DEFF37-3706-4F61-98CA-904E2F964605}.Release|x64.Build.0 = Release|Any CPU
		{E0DEFF37-3706-4F61-98CA-904E2F964605}.Release|x86.ActiveCfg = Release|Any CPU
		{E0DEFF37-3706-4F61-98CA-904E2F964605}.Release|x86.Build.0 = Release|Any CPU
		{F858D526-7919-472B-8992-D627A4F3987C}.Debug|Any CPU.ActiveCfg = Debug|Any CPU
		{F858D526-7919-472B-8992-D627A4F3987C}.Debug|Any CPU.Build.0 = Debug|Any CPU
		{F858D526-7919-472B-8992-D627A4F3987C}.Debug|x64.ActiveCfg = Debug|Any CPU
		{F858D526-7919-472B-8992-D627A4F3987C}.Debug|x64.Build.0 = Debug|Any CPU
		{F858D526-7919-472B-8992-D627A4F3987C}.Debug|x86.ActiveCfg = Debug|Any CPU
		{F858D526-7919-472B-8992-D627A4F3987C}.Debug|x86.Build.0 = Debug|Any CPU
		{F858D526-7919-472B-8992-D627A4F3987C}.Release|Any CPU.ActiveCfg = Release|Any CPU
		{F858D526-7919-472B-8992-D627A4F3987C}.Release|Any CPU.Build.0 = Release|Any CPU
		{F858D526-7919-472B-8992-D627A4F3987C}.Release|x64.ActiveCfg = Release|Any CPU
		{F858D526-7919-472B-8992-D627A4F3987C}.Release|x64.Build.0 = Release|Any CPU
		{F858D526-7919-472B-8992-D627A4F3987C}.Release|x86.ActiveCfg = Release|Any CPU
		{F858D526-7919-472B-8992-D627A4F3987C}.Release|x86.Build.0 = Release|Any CPU
		{92669F13-F9C9-479F-ABA1-163D93ABCF95}.Debug|Any CPU.ActiveCfg = Debug|Any CPU
		{92669F13-F9C9-479F-ABA1-163D93ABCF95}.Debug|Any CPU.Build.0 = Debug|Any CPU
		{92669F13-F9C9-479F-ABA1-163D93ABCF95}.Debug|x64.ActiveCfg = Debug|Any CPU
		{92669F13-F9C9-479F-ABA1-163D93ABCF95}.Debug|x64.Build.0 = Debug|Any CPU
		{92669F13-F9C9-479F-ABA1-163D93ABCF95}.Debug|x86.ActiveCfg = Debug|Any CPU
		{92669F13-F9C9-479F-ABA1-163D93ABCF95}.Debug|x86.Build.0 = Debug|Any CPU
		{92669F13-F9C9-479F-ABA1-163D93ABCF95}.Release|Any CPU.ActiveCfg = Release|Any CPU
		{92669F13-F9C9-479F-ABA1-163D93ABCF95}.Release|Any CPU.Build.0 = Release|Any CPU
		{92669F13-F9C9-479F-ABA1-163D93ABCF95}.Release|x64.ActiveCfg = Release|Any CPU
		{92669F13-F9C9-479F-ABA1-163D93ABCF95}.Release|x64.Build.0 = Release|Any CPU
		{92669F13-F9C9-479F-ABA1-163D93ABCF95}.Release|x86.ActiveCfg = Release|Any CPU
		{92669F13-F9C9-479F-ABA1-163D93ABCF95}.Release|x86.Build.0 = Release|Any CPU
		{CC30B576-10ED-4DB2-A6C7-3A603E671523}.Debug|Any CPU.ActiveCfg = Debug|Any CPU
		{CC30B576-10ED-4DB2-A6C7-3A603E671523}.Debug|Any CPU.Build.0 = Debug|Any CPU
		{CC30B576-10ED-4DB2-A6C7-3A603E671523}.Debug|x64.ActiveCfg = Debug|Any CPU
		{CC30B576-10ED-4DB2-A6C7-3A603E671523}.Debug|x64.Build.0 = Debug|Any CPU
		{CC30B576-10ED-4DB2-A6C7-3A603E671523}.Debug|x86.ActiveCfg = Debug|Any CPU
		{CC30B576-10ED-4DB2-A6C7-3A603E671523}.Debug|x86.Build.0 = Debug|Any CPU
		{CC30B576-10ED-4DB2-A6C7-3A603E671523}.Release|Any CPU.ActiveCfg = Release|Any CPU
		{CC30B576-10ED-4DB2-A6C7-3A603E671523}.Release|Any CPU.Build.0 = Release|Any CPU
		{CC30B576-10ED-4DB2-A6C7-3A603E671523}.Release|x64.ActiveCfg = Release|Any CPU
		{CC30B576-10ED-4DB2-A6C7-3A603E671523}.Release|x64.Build.0 = Release|Any CPU
		{CC30B576-10ED-4DB2-A6C7-3A603E671523}.Release|x86.ActiveCfg = Release|Any CPU
		{CC30B576-10ED-4DB2-A6C7-3A603E671523}.Release|x86.Build.0 = Release|Any CPU
		{D22576BE-3D83-47C1-8B35-947C0B6DA8ED}.Debug|Any CPU.ActiveCfg = Debug|Any CPU
		{D22576BE-3D83-47C1-8B35-947C0B6DA8ED}.Debug|Any CPU.Build.0 = Debug|Any CPU
		{D22576BE-3D83-47C1-8B35-947C0B6DA8ED}.Debug|x64.ActiveCfg = Debug|Any CPU
		{D22576BE-3D83-47C1-8B35-947C0B6DA8ED}.Debug|x64.Build.0 = Debug|Any CPU
		{D22576BE-3D83-47C1-8B35-947C0B6DA8ED}.Debug|x86.ActiveCfg = Debug|Any CPU
		{D22576BE-3D83-47C1-8B35-947C0B6DA8ED}.Debug|x86.Build.0 = Debug|Any CPU
		{D22576BE-3D83-47C1-8B35-947C0B6DA8ED}.Release|Any CPU.ActiveCfg = Release|Any CPU
		{D22576BE-3D83-47C1-8B35-947C0B6DA8ED}.Release|Any CPU.Build.0 = Release|Any CPU
		{D22576BE-3D83-47C1-8B35-947C0B6DA8ED}.Release|x64.ActiveCfg = Release|Any CPU
		{D22576BE-3D83-47C1-8B35-947C0B6DA8ED}.Release|x64.Build.0 = Release|Any CPU
		{D22576BE-3D83-47C1-8B35-947C0B6DA8ED}.Release|x86.ActiveCfg = Release|Any CPU
		{D22576BE-3D83-47C1-8B35-947C0B6DA8ED}.Release|x86.Build.0 = Release|Any CPU
		{8DDAFE37-ED59-4710-9415-8EBA44CC6437}.Debug|Any CPU.ActiveCfg = Debug|Any CPU
		{8DDAFE37-ED59-4710-9415-8EBA44CC6437}.Debug|Any CPU.Build.0 = Debug|Any CPU
		{8DDAFE37-ED59-4710-9415-8EBA44CC6437}.Debug|x64.ActiveCfg = Debug|Any CPU
		{8DDAFE37-ED59-4710-9415-8EBA44CC6437}.Debug|x64.Build.0 = Debug|Any CPU
		{8DDAFE37-ED59-4710-9415-8EBA44CC6437}.Debug|x86.ActiveCfg = Debug|Any CPU
		{8DDAFE37-ED59-4710-9415-8EBA44CC6437}.Debug|x86.Build.0 = Debug|Any CPU
		{8DDAFE37-ED59-4710-9415-8EBA44CC6437}.Release|Any CPU.ActiveCfg = Release|Any CPU
		{8DDAFE37-ED59-4710-9415-8EBA44CC6437}.Release|Any CPU.Build.0 = Release|Any CPU
		{8DDAFE37-ED59-4710-9415-8EBA44CC6437}.Release|x64.ActiveCfg = Release|Any CPU
		{8DDAFE37-ED59-4710-9415-8EBA44CC6437}.Release|x64.Build.0 = Release|Any CPU
		{8DDAFE37-ED59-4710-9415-8EBA44CC6437}.Release|x86.ActiveCfg = Release|Any CPU
		{8DDAFE37-ED59-4710-9415-8EBA44CC6437}.Release|x86.Build.0 = Release|Any CPU
		{8DDED681-AE8D-45EB-A22E-2FFB88620F9B}.Debug|Any CPU.ActiveCfg = Debug|Any CPU
		{8DDED681-AE8D-45EB-A22E-2FFB88620F9B}.Debug|Any CPU.Build.0 = Debug|Any CPU
		{8DDED681-AE8D-45EB-A22E-2FFB88620F9B}.Debug|x64.ActiveCfg = Debug|Any CPU
		{8DDED681-AE8D-45EB-A22E-2FFB88620F9B}.Debug|x64.Build.0 = Debug|Any CPU
		{8DDED681-AE8D-45EB-A22E-2FFB88620F9B}.Debug|x86.ActiveCfg = Debug|Any CPU
		{8DDED681-AE8D-45EB-A22E-2FFB88620F9B}.Debug|x86.Build.0 = Debug|Any CPU
		{8DDED681-AE8D-45EB-A22E-2FFB88620F9B}.Release|Any CPU.ActiveCfg = Release|Any CPU
		{8DDED681-AE8D-45EB-A22E-2FFB88620F9B}.Release|Any CPU.Build.0 = Release|Any CPU
		{8DDED681-AE8D-45EB-A22E-2FFB88620F9B}.Release|x64.ActiveCfg = Release|Any CPU
		{8DDED681-AE8D-45EB-A22E-2FFB88620F9B}.Release|x64.Build.0 = Release|Any CPU
		{8DDED681-AE8D-45EB-A22E-2FFB88620F9B}.Release|x86.ActiveCfg = Release|Any CPU
		{8DDED681-AE8D-45EB-A22E-2FFB88620F9B}.Release|x86.Build.0 = Release|Any CPU
		{24AC34AD-AEC9-4CFB-BB01-C3C81938AB95}.Debug|Any CPU.ActiveCfg = Debug|Any CPU
		{24AC34AD-AEC9-4CFB-BB01-C3C81938AB95}.Debug|Any CPU.Build.0 = Debug|Any CPU
		{24AC34AD-AEC9-4CFB-BB01-C3C81938AB95}.Debug|x64.ActiveCfg = Debug|Any CPU
		{24AC34AD-AEC9-4CFB-BB01-C3C81938AB95}.Debug|x64.Build.0 = Debug|Any CPU
		{24AC34AD-AEC9-4CFB-BB01-C3C81938AB95}.Debug|x86.ActiveCfg = Debug|Any CPU
		{24AC34AD-AEC9-4CFB-BB01-C3C81938AB95}.Debug|x86.Build.0 = Debug|Any CPU
		{24AC34AD-AEC9-4CFB-BB01-C3C81938AB95}.Release|Any CPU.ActiveCfg = Release|Any CPU
		{24AC34AD-AEC9-4CFB-BB01-C3C81938AB95}.Release|Any CPU.Build.0 = Release|Any CPU
		{24AC34AD-AEC9-4CFB-BB01-C3C81938AB95}.Release|x64.ActiveCfg = Release|Any CPU
		{24AC34AD-AEC9-4CFB-BB01-C3C81938AB95}.Release|x64.Build.0 = Release|Any CPU
		{24AC34AD-AEC9-4CFB-BB01-C3C81938AB95}.Release|x86.ActiveCfg = Release|Any CPU
		{24AC34AD-AEC9-4CFB-BB01-C3C81938AB95}.Release|x86.Build.0 = Release|Any CPU
		{6696859B-685D-4482-9237-22FD649357F3}.Debug|Any CPU.ActiveCfg = Debug|Any CPU
		{6696859B-685D-4482-9237-22FD649357F3}.Debug|Any CPU.Build.0 = Debug|Any CPU
		{6696859B-685D-4482-9237-22FD649357F3}.Debug|x64.ActiveCfg = Debug|Any CPU
		{6696859B-685D-4482-9237-22FD649357F3}.Debug|x64.Build.0 = Debug|Any CPU
		{6696859B-685D-4482-9237-22FD649357F3}.Debug|x86.ActiveCfg = Debug|Any CPU
		{6696859B-685D-4482-9237-22FD649357F3}.Debug|x86.Build.0 = Debug|Any CPU
		{6696859B-685D-4482-9237-22FD649357F3}.Release|Any CPU.ActiveCfg = Release|Any CPU
		{6696859B-685D-4482-9237-22FD649357F3}.Release|Any CPU.Build.0 = Release|Any CPU
		{6696859B-685D-4482-9237-22FD649357F3}.Release|x64.ActiveCfg = Release|Any CPU
		{6696859B-685D-4482-9237-22FD649357F3}.Release|x64.Build.0 = Release|Any CPU
		{6696859B-685D-4482-9237-22FD649357F3}.Release|x86.ActiveCfg = Release|Any CPU
		{6696859B-685D-4482-9237-22FD649357F3}.Release|x86.Build.0 = Release|Any CPU
		{222BB89F-10D8-4CB0-86BC-17F52FBE588F}.Debug|Any CPU.ActiveCfg = Debug|Any CPU
		{222BB89F-10D8-4CB0-86BC-17F52FBE588F}.Debug|Any CPU.Build.0 = Debug|Any CPU
		{222BB89F-10D8-4CB0-86BC-17F52FBE588F}.Debug|x64.ActiveCfg = Debug|Any CPU
		{222BB89F-10D8-4CB0-86BC-17F52FBE588F}.Debug|x64.Build.0 = Debug|Any CPU
		{222BB89F-10D8-4CB0-86BC-17F52FBE588F}.Debug|x86.ActiveCfg = Debug|Any CPU
		{222BB89F-10D8-4CB0-86BC-17F52FBE588F}.Debug|x86.Build.0 = Debug|Any CPU
		{222BB89F-10D8-4CB0-86BC-17F52FBE588F}.Release|Any CPU.ActiveCfg = Release|Any CPU
		{222BB89F-10D8-4CB0-86BC-17F52FBE588F}.Release|Any CPU.Build.0 = Release|Any CPU
		{222BB89F-10D8-4CB0-86BC-17F52FBE588F}.Release|x64.ActiveCfg = Release|Any CPU
		{222BB89F-10D8-4CB0-86BC-17F52FBE588F}.Release|x64.Build.0 = Release|Any CPU
		{222BB89F-10D8-4CB0-86BC-17F52FBE588F}.Release|x86.ActiveCfg = Release|Any CPU
		{222BB89F-10D8-4CB0-86BC-17F52FBE588F}.Release|x86.Build.0 = Release|Any CPU
		{96D0D8D7-EC06-44D1-B8D4-BFE02B1D0164}.Debug|Any CPU.ActiveCfg = Debug|Any CPU
		{96D0D8D7-EC06-44D1-B8D4-BFE02B1D0164}.Debug|Any CPU.Build.0 = Debug|Any CPU
		{96D0D8D7-EC06-44D1-B8D4-BFE02B1D0164}.Debug|x64.ActiveCfg = Debug|Any CPU
		{96D0D8D7-EC06-44D1-B8D4-BFE02B1D0164}.Debug|x64.Build.0 = Debug|Any CPU
		{96D0D8D7-EC06-44D1-B8D4-BFE02B1D0164}.Debug|x86.ActiveCfg = Debug|Any CPU
		{96D0D8D7-EC06-44D1-B8D4-BFE02B1D0164}.Debug|x86.Build.0 = Debug|Any CPU
		{96D0D8D7-EC06-44D1-B8D4-BFE02B1D0164}.Release|Any CPU.ActiveCfg = Release|Any CPU
		{96D0D8D7-EC06-44D1-B8D4-BFE02B1D0164}.Release|Any CPU.Build.0 = Release|Any CPU
		{96D0D8D7-EC06-44D1-B8D4-BFE02B1D0164}.Release|x64.ActiveCfg = Release|Any CPU
		{96D0D8D7-EC06-44D1-B8D4-BFE02B1D0164}.Release|x64.Build.0 = Release|Any CPU
		{96D0D8D7-EC06-44D1-B8D4-BFE02B1D0164}.Release|x86.ActiveCfg = Release|Any CPU
		{96D0D8D7-EC06-44D1-B8D4-BFE02B1D0164}.Release|x86.Build.0 = Release|Any CPU
		{D303B458-9D84-4DDF-8781-2C0211672329}.Debug|Any CPU.ActiveCfg = Debug|Any CPU
		{D303B458-9D84-4DDF-8781-2C0211672329}.Debug|Any CPU.Build.0 = Debug|Any CPU
		{D303B458-9D84-4DDF-8781-2C0211672329}.Debug|x64.ActiveCfg = Debug|Any CPU
		{D303B458-9D84-4DDF-8781-2C0211672329}.Debug|x64.Build.0 = Debug|Any CPU
		{D303B458-9D84-4DDF-8781-2C0211672329}.Debug|x86.ActiveCfg = Debug|Any CPU
		{D303B458-9D84-4DDF-8781-2C0211672329}.Debug|x86.Build.0 = Debug|Any CPU
		{D303B458-9D84-4DDF-8781-2C0211672329}.Release|Any CPU.ActiveCfg = Release|Any CPU
		{D303B458-9D84-4DDF-8781-2C0211672329}.Release|Any CPU.Build.0 = Release|Any CPU
		{D303B458-9D84-4DDF-8781-2C0211672329}.Release|x64.ActiveCfg = Release|Any CPU
		{D303B458-9D84-4DDF-8781-2C0211672329}.Release|x64.Build.0 = Release|Any CPU
		{D303B458-9D84-4DDF-8781-2C0211672329}.Release|x86.ActiveCfg = Release|Any CPU
		{D303B458-9D84-4DDF-8781-2C0211672329}.Release|x86.Build.0 = Release|Any CPU
	EndGlobalSection

	GlobalSection(NestedProjects) = preSolution
		{ACED222F-BDEB-48B6-BA6E-A28659080766} = {73C9B1E5-3893-47E8-B373-17E5F5D7E6F5}
		{7A6A2996-1F41-4C94-A0A2-3AE963247243} = {73C9B1E5-3893-47E8-B373-17E5F5D7E6F5}
		{3BA6251D-DE4E-4547-AAA9-25F4BA04C636} = {73C9B1E5-3893-47E8-B373-17E5F5D7E6F5}
		{1A3AC28C-3AEE-40FE-B229-9E38BB609547} = {73C9B1E5-3893-47E8-B373-17E5F5D7E6F5}
		{B68A0D0A-4785-48CB-864F-29E3A8ACA526} = {1CFF5568-8486-475F-81F6-06105C437528}
		{A422C742-2CF9-409D-BDAE-15825AB62113} = {1CFF5568-8486-475F-81F6-06105C437528}
		{4EC48E6A-45B5-4E25-ABBD-C23FE2BD6E1E} = {1CFF5568-8486-475F-81F6-06105C437528}
		{A040AED5-BBB8-4BFA-B2A5-BBD82817B8A5} = {1CFF5568-8486-475F-81F6-06105C437528}
		{1ECB31E8-2EF0-41E2-8C71-CB9876D207F0} = {73C9B1E5-3893-47E8-B373-17E5F5D7E6F5}
		{386A9769-59BF-4BE3-99D4-A9603E300729} = {1CFF5568-8486-475F-81F6-06105C437528}
		{B7AC87DF-9705-47D9-AC00-C230E577CA5D} = {73C9B1E5-3893-47E8-B373-17E5F5D7E6F5}
		{F8B4100F-4014-4A1E-8130-D281453B79ED} = {73C9B1E5-3893-47E8-B373-17E5F5D7E6F5}
		{12B940EF-A5D3-459D-BD36-A603834D1F7D} = {1CFF5568-8486-475F-81F6-06105C437528}
		{3E1D77BD-70AF-4767-B00A-4A321D5AB2C3} = {1CFF5568-8486-475F-81F6-06105C437528}
		{4F5020DB-9856-4A6F-B2CB-2C213FD749BC} = {73C9B1E5-3893-47E8-B373-17E5F5D7E6F5}
		{B1A91FDB-A843-4CE5-A1AC-2ED48A158AA1} = {1CFF5568-8486-475F-81F6-06105C437528}
		{A19E6CBD-8078-49F9-849E-2E484BFAF324} = {1CFF5568-8486-475F-81F6-06105C437528}
		{93DEAC72-245F-4FC9-A7B5-DAE7EF7E1AB7} = {A19E6CBD-8078-49F9-849E-2E484BFAF324}
		{CDAE55EB-9438-4F54-B7ED-931D64324D5F} = {A19E6CBD-8078-49F9-849E-2E484BFAF324}
		{AA532674-A61C-41E6-8F9A-ED53D79AF1EC} = {93DEAC72-245F-4FC9-A7B5-DAE7EF7E1AB7}
		{AAFA39E9-66A3-4B9A-AFE9-EAF74A85A7F0} = {CDAE55EB-9438-4F54-B7ED-931D64324D5F}
		{3C6162D7-0162-4BC2-BBF5-0554539A81CD} = {CDAE55EB-9438-4F54-B7ED-931D64324D5F}
		{4EAB66F9-C9CB-4E8A-BEE6-A14CD7FDE02F} = {AAFA39E9-66A3-4B9A-AFE9-EAF74A85A7F0}
		{BA495B95-C463-4759-AA9D-34C6614B3511} = {AAFA39E9-66A3-4B9A-AFE9-EAF74A85A7F0}
		{3C9FA701-31FF-4747-B324-E0D252EAFD63} = {AAFA39E9-66A3-4B9A-AFE9-EAF74A85A7F0}
		{DEA5A48E-BC47-4E87-858C-282860CA196E} = {4EAB66F9-C9CB-4E8A-BEE6-A14CD7FDE02F}
		{45D90299-D29F-4380-8FE8-98DF70508290} = {4EAB66F9-C9CB-4E8A-BEE6-A14CD7FDE02F}
		{E0DEFF37-3706-4F61-98CA-904E2F964605} = {4EAB66F9-C9CB-4E8A-BEE6-A14CD7FDE02F}
		{F858D526-7919-472B-8992-D627A4F3987C} = {BA495B95-C463-4759-AA9D-34C6614B3511}
		{92669F13-F9C9-479F-ABA1-163D93ABCF95} = {BA495B95-C463-4759-AA9D-34C6614B3511}
		{CC30B576-10ED-4DB2-A6C7-3A603E671523} = {BA495B95-C463-4759-AA9D-34C6614B3511}
		{D22576BE-3D83-47C1-8B35-947C0B6DA8ED} = {3C9FA701-31FF-4747-B324-E0D252EAFD63}
		{8DDAFE37-ED59-4710-9415-8EBA44CC6437} = {3C9FA701-31FF-4747-B324-E0D252EAFD63}
		{8DDED681-AE8D-45EB-A22E-2FFB88620F9B} = {3C9FA701-31FF-4747-B324-E0D252EAFD63}
		{24AC34AD-AEC9-4CFB-BB01-C3C81938AB95} = {93DEAC72-245F-4FC9-A7B5-DAE7EF7E1AB7}
		{9D292892-EF57-4930-8472-24BBBE02EBF4} = {AAFA39E9-66A3-4B9A-AFE9-EAF74A85A7F0}
		{6696859B-685D-4482-9237-22FD649357F3} = {9D292892-EF57-4930-8472-24BBBE02EBF4}
		{222BB89F-10D8-4CB0-86BC-17F52FBE588F} = {9D292892-EF57-4930-8472-24BBBE02EBF4}
		{96D0D8D7-EC06-44D1-B8D4-BFE02B1D0164} = {9D292892-EF57-4930-8472-24BBBE02EBF4}
		{D303B458-9D84-4DDF-8781-2C0211672329} = {93DEAC72-245F-4FC9-A7B5-DAE7EF7E1AB7}
	EndGlobalSection
EndGlobal
