
Microsoft Visual Studio Solution File, Format Version 12.00
#
Project("{2150E333-8FDC-42A3-9474-1A3956D46DE8}") = "src", "src", "{00578DF3-A86D-4DB6-AD6E-EAD17A6ED401}"
EndProject
Project("{2150E333-8FDC-42A3-9474-1A3956D46DE8}") = "tests", "tests", "{2BA3A979-B60B-4C87-B2EA-5E8D0F5C59DC}"
EndProject
Project("{FAE04EC0-301F-11D3-BF4B-00C04F79EFBC}") = "Amazon.LambdaPowertools", "src\Amazon.LambdaPowertools\Amazon.LambdaPowertools.csproj", "{4151C755-3E94-4A44-9E99-757A1F618839}"
EndProject
Project("{FAE04EC0-301F-11D3-BF4B-00C04F79EFBC}") = "Amazon.LambdaPowertools.Logging", "src\Amazon.LambdaPowertools.Logging\Amazon.LambdaPowertools.Logging.csproj", "{FFE2462F-37C2-491D-98A0-130A70F1D262}"
EndProject
Project("{FAE04EC0-301F-11D3-BF4B-00C04F79EFBC}") = "Amazon.LambdaPowertools.Metrics", "src\Amazon.LambdaPowertools.Metrics\Amazon.LambdaPowertools.Metrics.csproj", "{76158EC2-7E1D-42F9-961D-552A7326D3E1}"
EndProject
Project("{FAE04EC0-301F-11D3-BF4B-00C04F79EFBC}") = "Amazon.LambdaPowertools.Tracing", "src\Amazon.LambdaPowertools.Tracing\Amazon.LambdaPowertools.Tracing.csproj", "{E9A5465C-914A-4B09-B76D-C02DE3469287}"
EndProject
Project("{FAE04EC0-301F-11D3-BF4B-00C04F79EFBC}") = "Amazon.LambdaPowertools.Logging.Tests", "tests\Amazon.LambdaPowertools.Logging.Tests\Amazon.LambdaPowertools.Logging.Tests.csproj", "{C98AFCD0-B9A0-42D1-97C0-7A82D408B93D}"
EndProject
Project("{FAE04EC0-301F-11D3-BF4B-00C04F79EFBC}") = "Amazon.LambdaPowertools.Metrics.Tests", "tests\Amazon.LambdaPowertools.Metrics.Tests\Amazon.LambdaPowertools.Metrics.Tests.csproj", "{F963F435-6CC6-49A1-81D9-229E44F4B52B}"
EndProject
Project("{FAE04EC0-301F-11D3-BF4B-00C04F79EFBC}") = "Amazon.LambdaPowertools.Tracing.Tests", "tests\Amazon.LambdaPowertools.Tracing.Tests\Amazon.LambdaPowertools.Tracing.Tests.csproj", "{72C51B5E-A5CE-4399-9543-CB8FA053E156}"
EndProject
Global
	GlobalSection(SolutionConfigurationPlatforms) = preSolution
		Debug|Any CPU = Debug|Any CPU
		Release|Any CPU = Release|Any CPU
	EndGlobalSection
	GlobalSection(ProjectConfigurationPlatforms) = postSolution
		{4151C755-3E94-4A44-9E99-757A1F618839}.Debug|Any CPU.ActiveCfg = Debug|Any CPU
		{4151C755-3E94-4A44-9E99-757A1F618839}.Debug|Any CPU.Build.0 = Debug|Any CPU
		{4151C755-3E94-4A44-9E99-757A1F618839}.Release|Any CPU.ActiveCfg = Release|Any CPU
		{4151C755-3E94-4A44-9E99-757A1F618839}.Release|Any CPU.Build.0 = Release|Any CPU
		{FFE2462F-37C2-491D-98A0-130A70F1D262}.Debug|Any CPU.ActiveCfg = Debug|Any CPU
		{FFE2462F-37C2-491D-98A0-130A70F1D262}.Debug|Any CPU.Build.0 = Debug|Any CPU
		{FFE2462F-37C2-491D-98A0-130A70F1D262}.Release|Any CPU.ActiveCfg = Release|Any CPU
		{FFE2462F-37C2-491D-98A0-130A70F1D262}.Release|Any CPU.Build.0 = Release|Any CPU
		{76158EC2-7E1D-42F9-961D-552A7326D3E1}.Debug|Any CPU.ActiveCfg = Debug|Any CPU
		{76158EC2-7E1D-42F9-961D-552A7326D3E1}.Debug|Any CPU.Build.0 = Debug|Any CPU
		{76158EC2-7E1D-42F9-961D-552A7326D3E1}.Release|Any CPU.ActiveCfg = Release|Any CPU
		{76158EC2-7E1D-42F9-961D-552A7326D3E1}.Release|Any CPU.Build.0 = Release|Any CPU
		{E9A5465C-914A-4B09-B76D-C02DE3469287}.Debug|Any CPU.ActiveCfg = Debug|Any CPU
		{E9A5465C-914A-4B09-B76D-C02DE3469287}.Debug|Any CPU.Build.0 = Debug|Any CPU
		{E9A5465C-914A-4B09-B76D-C02DE3469287}.Release|Any CPU.ActiveCfg = Release|Any CPU
		{E9A5465C-914A-4B09-B76D-C02DE3469287}.Release|Any CPU.Build.0 = Release|Any CPU
		{C98AFCD0-B9A0-42D1-97C0-7A82D408B93D}.Debug|Any CPU.ActiveCfg = Debug|Any CPU
		{C98AFCD0-B9A0-42D1-97C0-7A82D408B93D}.Debug|Any CPU.Build.0 = Debug|Any CPU
		{C98AFCD0-B9A0-42D1-97C0-7A82D408B93D}.Release|Any CPU.ActiveCfg = Release|Any CPU
		{C98AFCD0-B9A0-42D1-97C0-7A82D408B93D}.Release|Any CPU.Build.0 = Release|Any CPU
		{F963F435-6CC6-49A1-81D9-229E44F4B52B}.Debug|Any CPU.ActiveCfg = Debug|Any CPU
		{F963F435-6CC6-49A1-81D9-229E44F4B52B}.Debug|Any CPU.Build.0 = Debug|Any CPU
		{F963F435-6CC6-49A1-81D9-229E44F4B52B}.Release|Any CPU.ActiveCfg = Release|Any CPU
		{F963F435-6CC6-49A1-81D9-229E44F4B52B}.Release|Any CPU.Build.0 = Release|Any CPU
		{72C51B5E-A5CE-4399-9543-CB8FA053E156}.Debug|Any CPU.ActiveCfg = Debug|Any CPU
		{72C51B5E-A5CE-4399-9543-CB8FA053E156}.Debug|Any CPU.Build.0 = Debug|Any CPU
		{72C51B5E-A5CE-4399-9543-CB8FA053E156}.Release|Any CPU.ActiveCfg = Release|Any CPU
		{72C51B5E-A5CE-4399-9543-CB8FA053E156}.Release|Any CPU.Build.0 = Release|Any CPU
	EndGlobalSection
	GlobalSection(NestedProjects) = preSolution
		{4151C755-3E94-4A44-9E99-757A1F618839} = {00578DF3-A86D-4DB6-AD6E-EAD17A6ED401}
		{FFE2462F-37C2-491D-98A0-130A70F1D262} = {00578DF3-A86D-4DB6-AD6E-EAD17A6ED401}
		{76158EC2-7E1D-42F9-961D-552A7326D3E1} = {00578DF3-A86D-4DB6-AD6E-EAD17A6ED401}
		{E9A5465C-914A-4B09-B76D-C02DE3469287} = {00578DF3-A86D-4DB6-AD6E-EAD17A6ED401}
		{C98AFCD0-B9A0-42D1-97C0-7A82D408B93D} = {2BA3A979-B60B-4C87-B2EA-5E8D0F5C59DC}
		{F963F435-6CC6-49A1-81D9-229E44F4B52B} = {2BA3A979-B60B-4C87-B2EA-5E8D0F5C59DC}
		{72C51B5E-A5CE-4399-9543-CB8FA053E156} = {2BA3A979-B60B-4C87-B2EA-5E8D0F5C59DC}
	EndGlobalSection
EndGlobal
